// !$*UTF8*$!
{
	archiveVersion = 1;
	classes = {
	};
	objectVersion = 55;
	objects = {

/* Begin PBXBuildFile section */
		72456EAE2AED60C400898215 /* UIView+Style.swift in Sources */ = {isa = PBXBuildFile; fileRef = 72456EAD2AED60C400898215 /* UIView+Style.swift */; };
		72456EB12AF15F4700898215 /* View+Layer.swift in Sources */ = {isa = PBXBuildFile; fileRef = 72456EB02AF15F4700898215 /* View+Layer.swift */; };
		72456EB42AF1602C00898215 /* UIButton+Styles.swift in Sources */ = {isa = PBXBuildFile; fileRef = 72456EB32AF1602C00898215 /* UIButton+Styles.swift */; };
		72456EB72AF16EC100898215 /* LineTextField.swift in Sources */ = {isa = PBXBuildFile; fileRef = 72456EB62AF16EC100898215 /* LineTextField.swift */; };
		72456EB92AF57AC600898215 /* UILabel+Style.swift in Sources */ = {isa = PBXBuildFile; fileRef = 72456EB82AF57AC600898215 /* UILabel+Style.swift */; };
		72456EBC2AF690DB00898215 /* RegisterVC.swift in Sources */ = {isa = PBXBuildFile; fileRef = 72456EBB2AF690DB00898215 /* RegisterVC.swift */; };
		72456EBF2AF6964D00898215 /* ResetVC.swift in Sources */ = {isa = PBXBuildFile; fileRef = 72456EBE2AF6964D00898215 /* ResetVC.swift */; };
		72456EC32AF77E6A00898215 /* Localizable.strings in Resources */ = {isa = PBXBuildFile; fileRef = 72456EC52AF77E6A00898215 /* Localizable.strings */; };
		726CEA162B136C9A00E734FC /* ResetCoordinator.swift in Sources */ = {isa = PBXBuildFile; fileRef = 726CEA152B136C9A00E734FC /* ResetCoordinator.swift */; };
		726CEA182B14FD8700E734FC /* KeyboardHelper+Login.swift in Sources */ = {isa = PBXBuildFile; fileRef = 726CEA172B14FD8700E734FC /* KeyboardHelper+Login.swift */; };
		726CEA1B2B15018100E734FC /* KeyboardAnimation.swift in Sources */ = {isa = PBXBuildFile; fileRef = 726CEA1A2B15018100E734FC /* KeyboardAnimation.swift */; };
		726CEA1E2B164B6100E734FC /* ParametersHelper.swift in Sources */ = {isa = PBXBuildFile; fileRef = 726CEA1D2B164B6100E734FC /* ParametersHelper.swift */; };
		726CEA232B16547800E734FC /* OnboardFirstStepVC.swift in Sources */ = {isa = PBXBuildFile; fileRef = 726CEA222B16547800E734FC /* OnboardFirstStepVC.swift */; };
		726CEA252B16568600E734FC /* OnboardFirstStepVM.swift in Sources */ = {isa = PBXBuildFile; fileRef = 726CEA242B16568600E734FC /* OnboardFirstStepVM.swift */; };
		726CEA272B16572800E734FC /* OnboardFirstStepAssembler.swift in Sources */ = {isa = PBXBuildFile; fileRef = 726CEA262B16572800E734FC /* OnboardFirstStepAssembler.swift */; };
		726CEA292B1657D900E734FC /* OnboardFirstStepCoordinator.swift in Sources */ = {isa = PBXBuildFile; fileRef = 726CEA282B1657D900E734FC /* OnboardFirstStepCoordinator.swift */; };
		726CEA2D2B165B1C00E734FC /* OnboardSecondStepVC.swift in Sources */ = {isa = PBXBuildFile; fileRef = 726CEA2C2B165B1C00E734FC /* OnboardSecondStepVC.swift */; };
		726CEA2F2B165CA900E734FC /* OnboardSecondStepVM.swift in Sources */ = {isa = PBXBuildFile; fileRef = 726CEA2E2B165CA900E734FC /* OnboardSecondStepVM.swift */; };
		726CEA312B165D9500E734FC /* OnboardSecondStepCoordinator.swift in Sources */ = {isa = PBXBuildFile; fileRef = 726CEA302B165D9500E734FC /* OnboardSecondStepCoordinator.swift */; };
		726CEA332B165DD000E734FC /* OnboardSecondStepAssembler.swift in Sources */ = {isa = PBXBuildFile; fileRef = 726CEA322B165DD000E734FC /* OnboardSecondStepAssembler.swift */; };
		726CEA392B1C920C00E734FC /* MainTabBarVC.swift in Sources */ = {isa = PBXBuildFile; fileRef = 726CEA382B1C920C00E734FC /* MainTabBarVC.swift */; };
		726CEA3C2B1C929400E734FC /* HomeVC.swift in Sources */ = {isa = PBXBuildFile; fileRef = 726CEA3B2B1C929400E734FC /* HomeVC.swift */; };
		726CEA3F2B1C92D100E734FC /* ProfileVC.swift in Sources */ = {isa = PBXBuildFile; fileRef = 726CEA3E2B1C92D100E734FC /* ProfileVC.swift */; };
		726CEA572B1F95D700E734FC /* AuthService.swift in Sources */ = {isa = PBXBuildFile; fileRef = 726CEA562B1F95D700E734FC /* AuthService.swift */; };
		726CEA592B1F975D00E734FC /* AuthService+Login.swift in Sources */ = {isa = PBXBuildFile; fileRef = 726CEA582B1F975D00E734FC /* AuthService+Login.swift */; };
		726CEA602B246EF300E734FC /* AuthService+Register.swift in Sources */ = {isa = PBXBuildFile; fileRef = 726CEA5F2B246EF300E734FC /* AuthService+Register.swift */; };
		726CEA622B2477D800E734FC /* AuthService+Reset.swift in Sources */ = {isa = PBXBuildFile; fileRef = 726CEA612B2477D800E734FC /* AuthService+Reset.swift */; };
		726CEA672B28C1E000E734FC /* AlertService.swift in Sources */ = {isa = PBXBuildFile; fileRef = 726CEA662B28C1DF00E734FC /* AlertService.swift */; };
		726CEA692B28C95800E734FC /* AlertService+Login.swift in Sources */ = {isa = PBXBuildFile; fileRef = 726CEA682B28C95800E734FC /* AlertService+Login.swift */; };
		726CEA6E2B28D1B300E734FC /* MainTabBarCoordinator.swift in Sources */ = {isa = PBXBuildFile; fileRef = 726CEA6D2B28D1B300E734FC /* MainTabBarCoordinator.swift */; };
		726CEA732B28D31F00E734FC /* HomeAssembler.swift in Sources */ = {isa = PBXBuildFile; fileRef = 726CEA722B28D31F00E734FC /* HomeAssembler.swift */; };
		726CEA752B28D35400E734FC /* HomeCoordinator.swift in Sources */ = {isa = PBXBuildFile; fileRef = 726CEA742B28D35400E734FC /* HomeCoordinator.swift */; };
		726CEA772B2DCDC300E734FC /* MainTabBarAssembler.swift in Sources */ = {isa = PBXBuildFile; fileRef = 726CEA762B2DCDC300E734FC /* MainTabBarAssembler.swift */; };
		726CEA7A2B2DCFFD00E734FC /* ProfileCoordinator.swift in Sources */ = {isa = PBXBuildFile; fileRef = 726CEA792B2DCFFD00E734FC /* ProfileCoordinator.swift */; };
		726CEA7C2B2DD00C00E734FC /* ProfileAssembler.swift in Sources */ = {isa = PBXBuildFile; fileRef = 726CEA7B2B2DD00C00E734FC /* ProfileAssembler.swift */; };
		726CEA7E2B2DD76900E734FC /* AlertService+Reset.swift in Sources */ = {isa = PBXBuildFile; fileRef = 726CEA7D2B2DD76900E734FC /* AlertService+Reset.swift */; };
		727D85E32B4F1EA20092147B /* HeaderView.swift in Sources */ = {isa = PBXBuildFile; fileRef = 727D85E22B4F1EA20092147B /* HeaderView.swift */; };
		727D85E52B519C9F0092147B /* AccountTableViewCell.swift in Sources */ = {isa = PBXBuildFile; fileRef = 727D85E42B519C9F0092147B /* AccountTableViewCell.swift */; };
		727D85E72B5294C50092147B /* SettingsTableViewCell.swift in Sources */ = {isa = PBXBuildFile; fileRef = 727D85E62B5294C50092147B /* SettingsTableViewCell.swift */; };
		727D86002B56E0CA0092147B /* Container.swift in Sources */ = {isa = PBXBuildFile; fileRef = 727D85FF2B56E0CA0092147B /* Container.swift */; };
		727D86022B56E5520092147B /* ContainerRegistrator.swift in Sources */ = {isa = PBXBuildFile; fileRef = 727D86012B56E5520092147B /* ContainerRegistrator.swift */; };
		727D86052B56EFF90092147B /* WindowManager.swift in Sources */ = {isa = PBXBuildFile; fileRef = 727D86042B56EFF90092147B /* WindowManager.swift */; };
		727D86142B601CD90092147B /* ProfileSections.swift in Sources */ = {isa = PBXBuildFile; fileRef = 727D86132B601CD90092147B /* ProfileSections.swift */; };
		727D86162B60231D0092147B /* ProfileVM.swift in Sources */ = {isa = PBXBuildFile; fileRef = 727D86152B60231D0092147B /* ProfileVM.swift */; };
		727D861B2B602CDC0092147B /* ProfileAdapter.swift in Sources */ = {isa = PBXBuildFile; fileRef = 727D861A2B602CDC0092147B /* ProfileAdapter.swift */; };
		727D862D2B663E110092147B /* AuthService+Profile.swift in Sources */ = {isa = PBXBuildFile; fileRef = 727D862C2B663E110092147B /* AuthService+Profile.swift */; };
		727D862F2B6640510092147B /* AlertService+Profile.swift in Sources */ = {isa = PBXBuildFile; fileRef = 727D862E2B6640510092147B /* AlertService+Profile.swift */; };
		727D86312B6F85BC0092147B /* Collections+Register.swift in Sources */ = {isa = PBXBuildFile; fileRef = 727D86302B6F85BC0092147B /* Collections+Register.swift */; };
		727D863A2B6F8B6B0092147B /* Storage.h in Headers */ = {isa = PBXBuildFile; fileRef = 727D86392B6F8B6B0092147B /* Storage.h */; settings = {ATTRIBUTES = (Public, ); }; };
		727D863D2B6F8B6B0092147B /* Storage.framework in Frameworks */ = {isa = PBXBuildFile; fileRef = 727D86372B6F8B6B0092147B /* Storage.framework */; };
		727D863E2B6F8B6B0092147B /* Storage.framework in Embed Frameworks */ = {isa = PBXBuildFile; fileRef = 727D86372B6F8B6B0092147B /* Storage.framework */; settings = {ATTRIBUTES = (CodeSignOnCopy, RemoveHeadersOnCopy, ); }; };
		727D86482B6F8E490092147B /* NotificationDatabase.xcdatamodeld in Sources */ = {isa = PBXBuildFile; fileRef = 727D86462B6F8E490092147B /* NotificationDatabase.xcdatamodeld */; };
		727D864F2B6F90410092147B /* BaseNotificationMO+CoreDataClass.swift in Sources */ = {isa = PBXBuildFile; fileRef = 727D864B2B6F90410092147B /* BaseNotificationMO+CoreDataClass.swift */; };
		727D86502B6F90410092147B /* BaseNotificationMO+CoreDataProperties.swift in Sources */ = {isa = PBXBuildFile; fileRef = 727D864C2B6F90410092147B /* BaseNotificationMO+CoreDataProperties.swift */; };
		727D86512B6F90410092147B /* DateNotificationMO+CoreDataClass.swift in Sources */ = {isa = PBXBuildFile; fileRef = 727D864D2B6F90410092147B /* DateNotificationMO+CoreDataClass.swift */; };
		727D86522B6F90410092147B /* DateNotificationMO+CoreDataProperties.swift in Sources */ = {isa = PBXBuildFile; fileRef = 727D864E2B6F90410092147B /* DateNotificationMO+CoreDataProperties.swift */; };
		727D86552B6F93C00092147B /* DateNotificationDTO.swift in Sources */ = {isa = PBXBuildFile; fileRef = 727D86542B6F93C00092147B /* DateNotificationDTO.swift */; };
		727D86582B6F970A0092147B /* CoreDataService.swift in Sources */ = {isa = PBXBuildFile; fileRef = 727D86572B6F970A0092147B /* CoreDataService.swift */; };
		727D865B2B6F98050092147B /* DateNotificationStorage.swift in Sources */ = {isa = PBXBuildFile; fileRef = 727D865A2B6F98050092147B /* DateNotificationStorage.swift */; };
		727D865E2B6F9D7E0092147B /* NSPredicate+Const.swift in Sources */ = {isa = PBXBuildFile; fileRef = 727D865D2B6F9D7E0092147B /* NSPredicate+Const.swift */; };
		728C087C2AE8270F00066F58 /* AppDelegate.swift in Sources */ = {isa = PBXBuildFile; fileRef = 728C087B2AE8270F00066F58 /* AppDelegate.swift */; };
		728C087E2AE8270F00066F58 /* SceneDelegate.swift in Sources */ = {isa = PBXBuildFile; fileRef = 728C087D2AE8270F00066F58 /* SceneDelegate.swift */; };
		728C08852AE8271000066F58 /* Assets.xcassets in Resources */ = {isa = PBXBuildFile; fileRef = 728C08842AE8271000066F58 /* Assets.xcassets */; };
		728C08882AE8271000066F58 /* LaunchScreen.storyboard in Resources */ = {isa = PBXBuildFile; fileRef = 728C08862AE8271000066F58 /* LaunchScreen.storyboard */; };
		728C08932AE82E7900066F58 /* UIColor+Consts.swift in Sources */ = {isa = PBXBuildFile; fileRef = 728C08922AE82E7900066F58 /* UIColor+Consts.swift */; };
		728C08952AE834E200066F58 /* UIFont+Consts.swift in Sources */ = {isa = PBXBuildFile; fileRef = 728C08942AE834E200066F58 /* UIFont+Consts.swift */; };
		728C08972AE8382C00066F58 /* UIImage+Consts.swift in Sources */ = {isa = PBXBuildFile; fileRef = 728C08962AE8382C00066F58 /* UIImage+Consts.swift */; };
		728C089A2AE83AF300066F58 /* SnapKit in Frameworks */ = {isa = PBXBuildFile; productRef = 728C08992AE83AF300066F58 /* SnapKit */; };
		728C089F2AE83DE100066F58 /* LoginVC.swift in Sources */ = {isa = PBXBuildFile; fileRef = 728C089E2AE83DE100066F58 /* LoginVC.swift */; };
		729AA05A2B70CFC600A6A96C /* LocationNotificationMO+CoreDataClass.swift in Sources */ = {isa = PBXBuildFile; fileRef = 729AA0582B70CFC600A6A96C /* LocationNotificationMO+CoreDataClass.swift */; };
		729AA05B2B70CFC600A6A96C /* LocationNotificationMO+CoreDataProperties.swift in Sources */ = {isa = PBXBuildFile; fileRef = 729AA0592B70CFC600A6A96C /* LocationNotificationMO+CoreDataProperties.swift */; };
		729AA05D2B70D17C00A6A96C /* LocationNotificationDTO.swift in Sources */ = {isa = PBXBuildFile; fileRef = 729AA05C2B70D17C00A6A96C /* LocationNotificationDTO.swift */; };
		729AA05F2B70D8B600A6A96C /* LocationNotificationStorage.swift in Sources */ = {isa = PBXBuildFile; fileRef = 729AA05E2B70D8B600A6A96C /* LocationNotificationStorage.swift */; };
		729C0ECC2AFAB88900E3D89D /* String+Localization.swift in Sources */ = {isa = PBXBuildFile; fileRef = 729C0ECB2AFAB88900E3D89D /* String+Localization.swift */; };
		72B737E72AFE942D0039FFED /* UIButton+Actions.swift in Sources */ = {isa = PBXBuildFile; fileRef = 72B737E62AFE942D0039FFED /* UIButton+Actions.swift */; };
		72B737E92AFE97800039FFED /* LoginVM.swift in Sources */ = {isa = PBXBuildFile; fileRef = 72B737E82AFE97800039FFED /* LoginVM.swift */; };
		72B737EB2AFE97F40039FFED /* LoginAssembler.swift in Sources */ = {isa = PBXBuildFile; fileRef = 72B737EA2AFE97F40039FFED /* LoginAssembler.swift */; };
		72B737EF2AFEA1B90039FFED /* InputValidator.swift in Sources */ = {isa = PBXBuildFile; fileRef = 72B737EE2AFEA1B90039FFED /* InputValidator.swift */; };
		72B737F32AFEA8140039FFED /* InputValidator+Login.swift in Sources */ = {isa = PBXBuildFile; fileRef = 72B737F22AFEA8140039FFED /* InputValidator+Login.swift */; };
		72B737F52B03DB880039FFED /* RegisterPresenter.swift in Sources */ = {isa = PBXBuildFile; fileRef = 72B737F42B03DB880039FFED /* RegisterPresenter.swift */; };
		72B737F72B03E1180039FFED /* RegisterAssembler.swift in Sources */ = {isa = PBXBuildFile; fileRef = 72B737F62B03E1180039FFED /* RegisterAssembler.swift */; };
		72B737FA2B03E53A0039FFED /* KeyboardHelper.swift in Sources */ = {isa = PBXBuildFile; fileRef = 72B737F92B03E53A0039FFED /* KeyboardHelper.swift */; };
		72B737FD2B0A2D280039FFED /* InputValidator+Register.swift in Sources */ = {isa = PBXBuildFile; fileRef = 72B737FC2B0A2D280039FFED /* InputValidator+Register.swift */; };
		72B737FF2B0A69090039FFED /* ResetVM.swift in Sources */ = {isa = PBXBuildFile; fileRef = 72B737FE2B0A69090039FFED /* ResetVM.swift */; };
		72B738012B0A70430039FFED /* ResetAssembler.swift in Sources */ = {isa = PBXBuildFile; fileRef = 72B738002B0A70430039FFED /* ResetAssembler.swift */; };
		72B738042B0A70A80039FFED /* InputValidator+Reset.swift in Sources */ = {isa = PBXBuildFile; fileRef = 72B738032B0A70A80039FFED /* InputValidator+Reset.swift */; };
		72B738062B0BDAEC0039FFED /* KeyboardHelper+Register.swift in Sources */ = {isa = PBXBuildFile; fileRef = 72B738052B0BDAEC0039FFED /* KeyboardHelper+Register.swift */; };
		72B7382B2B0D124D0039FFED /* AppCoordinator.swift in Sources */ = {isa = PBXBuildFile; fileRef = 72B7382A2B0D124D0039FFED /* AppCoordinator.swift */; };
		72B7382E2B0D12AF0039FFED /* Coordinator.swift in Sources */ = {isa = PBXBuildFile; fileRef = 72B7382D2B0D12AF0039FFED /* Coordinator.swift */; };
		72B738312B0D1B700039FFED /* LoginCoordinator.swift in Sources */ = {isa = PBXBuildFile; fileRef = 72B738302B0D1B700039FFED /* LoginCoordinator.swift */; };
		72B738342B0D24C50039FFED /* RegisterCoordinator.swift in Sources */ = {isa = PBXBuildFile; fileRef = 72B738332B0D24C50039FFED /* RegisterCoordinator.swift */; };
		72ED6CDA2B2DF5580038D14C /* NSAttributedString+HTML.swift in Sources */ = {isa = PBXBuildFile; fileRef = 72ED6CD92B2DF5580038D14C /* NSAttributedString+HTML.swift */; };
		72ED6CDC2B2E15C70038D14C /* KeyboardAnimation+Register.swift in Sources */ = {isa = PBXBuildFile; fileRef = 72ED6CDB2B2E15C70038D14C /* KeyboardAnimation+Register.swift */; };
		72ED6CDE2B2E5B5D0038D14C /* KeyboardAnimation+Login.swift in Sources */ = {isa = PBXBuildFile; fileRef = 72ED6CDD2B2E5B5D0038D14C /* KeyboardAnimation+Login.swift */; };
		840AD9B42B73B45100FE81FF /* GoogleService-Info.plist in Resources */ = {isa = PBXBuildFile; fileRef = 840AD9B32B73B45100FE81FF /* GoogleService-Info.plist */; };
		840AD9B72B73B6DA00FE81FF /* FirebaseAnalytics in Frameworks */ = {isa = PBXBuildFile; productRef = 840AD9B62B73B6DA00FE81FF /* FirebaseAnalytics */; };
		840AD9B92B73B6DA00FE81FF /* FirebaseAnalyticsSwift-Beta in Frameworks */ = {isa = PBXBuildFile; productRef = 840AD9B82B73B6DA00FE81FF /* FirebaseAnalyticsSwift-Beta */; };
		840AD9BB2B73B6DA00FE81FF /* FirebaseAnalyticsWithoutAdIdSupport in Frameworks */ = {isa = PBXBuildFile; productRef = 840AD9BA2B73B6DA00FE81FF /* FirebaseAnalyticsWithoutAdIdSupport */; };
		840AD9BD2B73B6DA00FE81FF /* FirebaseAuth in Frameworks */ = {isa = PBXBuildFile; productRef = 840AD9BC2B73B6DA00FE81FF /* FirebaseAuth */; };
		840AD9BF2B73B6DA00FE81FF /* FirebaseAuthCombine-Community in Frameworks */ = {isa = PBXBuildFile; productRef = 840AD9BE2B73B6DA00FE81FF /* FirebaseAuthCombine-Community */; };
		840AD9C12B73B6DA00FE81FF /* FirebaseCrashlytics in Frameworks */ = {isa = PBXBuildFile; productRef = 840AD9C02B73B6DA00FE81FF /* FirebaseCrashlytics */; };
		840AD9C42B73E37100FE81FF /* DTODescription.swift in Sources */ = {isa = PBXBuildFile; fileRef = 840AD9C32B73E37100FE81FF /* DTODescription.swift */; };
		840AD9C62B73E41500FE81FF /* NotificationStorage.swift in Sources */ = {isa = PBXBuildFile; fileRef = 840AD9C52B73E41500FE81FF /* NotificationStorage.swift */; };
		840AD9C82B73F57D00FE81FF /* HomeVM.swift in Sources */ = {isa = PBXBuildFile; fileRef = 840AD9C72B73F57D00FE81FF /* HomeVM.swift */; };
		840AD9CB2B73F5FD00FE81FF /* FRCService.swift in Sources */ = {isa = PBXBuildFile; fileRef = 840AD9CA2B73F5FD00FE81FF /* FRCService.swift */; };
		840AD9CE2B74D04D00FE81FF /* TimerNotificationMO+CoreDataClass.swift in Sources */ = {isa = PBXBuildFile; fileRef = 840AD9CC2B74D04D00FE81FF /* TimerNotificationMO+CoreDataClass.swift */; };
		840AD9CF2B74D04D00FE81FF /* TimerNotificationMO+CoreDataProperties.swift in Sources */ = {isa = PBXBuildFile; fileRef = 840AD9CD2B74D04D00FE81FF /* TimerNotificationMO+CoreDataProperties.swift */; };
		840AD9D12B74D08F00FE81FF /* TimerNotificationDTO.swift in Sources */ = {isa = PBXBuildFile; fileRef = 840AD9D02B74D08F00FE81FF /* TimerNotificationDTO.swift */; };
		840AD9D52B75030B00FE81FF /* TimerNotificationStorage.swift in Sources */ = {isa = PBXBuildFile; fileRef = 840AD9D42B75030B00FE81FF /* TimerNotificationStorage.swift */; };
		840AD9D92B75243A00FE81FF /* DateNotificationVC.swift in Sources */ = {isa = PBXBuildFile; fileRef = 840AD9D82B75243A00FE81FF /* DateNotificationVC.swift */; };
		840AD9DB2B761A7100FE81FF /* CustomTextView.swift in Sources */ = {isa = PBXBuildFile; fileRef = 840AD9DA2B761A7000FE81FF /* CustomTextView.swift */; };
		840AD9DD2B76421D00FE81FF /* DateNotificationVM.swift in Sources */ = {isa = PBXBuildFile; fileRef = 840AD9DC2B76421D00FE81FF /* DateNotificationVM.swift */; };
		840AD9E02B76602B00FE81FF /* DateNotificationAssembler.swift in Sources */ = {isa = PBXBuildFile; fileRef = 840AD9DF2B76602B00FE81FF /* DateNotificationAssembler.swift */; };
		840AD9E22B76604400FE81FF /* DateNotificationCoordinator.swift in Sources */ = {isa = PBXBuildFile; fileRef = 840AD9E12B76604400FE81FF /* DateNotificationCoordinator.swift */; };
		846564EB2B78D6AE00021181 /* MainMenuVC.swift in Sources */ = {isa = PBXBuildFile; fileRef = 846564EA2B78D6AE00021181 /* MainMenuVC.swift */; };
		846564ED2B78DB8500021181 /* MenuTableViewCell.swift in Sources */ = {isa = PBXBuildFile; fileRef = 846564EC2B78DB8500021181 /* MenuTableViewCell.swift */; };
		846564F12B792AF100021181 /* MainMenuVM.swift in Sources */ = {isa = PBXBuildFile; fileRef = 846564F02B792AF100021181 /* MainMenuVM.swift */; };
		846564F32B792FDF00021181 /* MainMenuAssembler.swift in Sources */ = {isa = PBXBuildFile; fileRef = 846564F22B792FDF00021181 /* MainMenuAssembler.swift */; };
		846564F52B79308900021181 /* MainMenuCoordinator.swift in Sources */ = {isa = PBXBuildFile; fileRef = 846564F42B79308900021181 /* MainMenuCoordinator.swift */; };
		846564F82B793C1E00021181 /* MainMenuRows.swift in Sources */ = {isa = PBXBuildFile; fileRef = 846564F72B793C1E00021181 /* MainMenuRows.swift */; };
		846564FB2B79676600021181 /* MainMenuAdapter.swift in Sources */ = {isa = PBXBuildFile; fileRef = 846564FA2B79676600021181 /* MainMenuAdapter.swift */; };
/* End PBXBuildFile section */

/* Begin PBXContainerItemProxy section */
		727D863B2B6F8B6B0092147B /* PBXContainerItemProxy */ = {
			isa = PBXContainerItemProxy;
			containerPortal = 728C08702AE8270F00066F58 /* Project object */;
			proxyType = 1;
			remoteGlobalIDString = 727D86362B6F8B6B0092147B;
			remoteInfo = Storage;
		};
/* End PBXContainerItemProxy section */

/* Begin PBXCopyFilesBuildPhase section */
		727D86422B6F8B6B0092147B /* Embed Frameworks */ = {
			isa = PBXCopyFilesBuildPhase;
			buildActionMask = 2147483647;
			dstPath = "";
			dstSubfolderSpec = 10;
			files = (
				727D863E2B6F8B6B0092147B /* Storage.framework in Embed Frameworks */,
			);
			name = "Embed Frameworks";
			runOnlyForDeploymentPostprocessing = 0;
		};
/* End PBXCopyFilesBuildPhase section */

/* Begin PBXFileReference section */
		72456EAD2AED60C400898215 /* UIView+Style.swift */ = {isa = PBXFileReference; lastKnownFileType = sourcecode.swift; path = "UIView+Style.swift"; sourceTree = "<group>"; };
		72456EB02AF15F4700898215 /* View+Layer.swift */ = {isa = PBXFileReference; lastKnownFileType = sourcecode.swift; path = "View+Layer.swift"; sourceTree = "<group>"; };
		72456EB32AF1602C00898215 /* UIButton+Styles.swift */ = {isa = PBXFileReference; lastKnownFileType = sourcecode.swift; path = "UIButton+Styles.swift"; sourceTree = "<group>"; };
		72456EB62AF16EC100898215 /* LineTextField.swift */ = {isa = PBXFileReference; lastKnownFileType = sourcecode.swift; path = LineTextField.swift; sourceTree = "<group>"; };
		72456EB82AF57AC600898215 /* UILabel+Style.swift */ = {isa = PBXFileReference; lastKnownFileType = sourcecode.swift; path = "UILabel+Style.swift"; sourceTree = "<group>"; };
		72456EBB2AF690DB00898215 /* RegisterVC.swift */ = {isa = PBXFileReference; lastKnownFileType = sourcecode.swift; path = RegisterVC.swift; sourceTree = "<group>"; };
		72456EBE2AF6964D00898215 /* ResetVC.swift */ = {isa = PBXFileReference; lastKnownFileType = sourcecode.swift; path = ResetVC.swift; sourceTree = "<group>"; };
		72456EC42AF77E6A00898215 /* en */ = {isa = PBXFileReference; lastKnownFileType = text.plist.strings; name = en; path = en.lproj/Localizable.strings; sourceTree = "<group>"; };
		72456EC62AF77E7B00898215 /* ru */ = {isa = PBXFileReference; lastKnownFileType = text.plist.strings; name = ru; path = ru.lproj/LaunchScreen.strings; sourceTree = "<group>"; };
		72456EC72AF77E7B00898215 /* ru */ = {isa = PBXFileReference; lastKnownFileType = text.plist.strings; name = ru; path = ru.lproj/Localizable.strings; sourceTree = "<group>"; };
		726CEA152B136C9A00E734FC /* ResetCoordinator.swift */ = {isa = PBXFileReference; lastKnownFileType = sourcecode.swift; path = ResetCoordinator.swift; sourceTree = "<group>"; };
		726CEA172B14FD8700E734FC /* KeyboardHelper+Login.swift */ = {isa = PBXFileReference; lastKnownFileType = sourcecode.swift; path = "KeyboardHelper+Login.swift"; sourceTree = "<group>"; };
		726CEA1A2B15018100E734FC /* KeyboardAnimation.swift */ = {isa = PBXFileReference; lastKnownFileType = sourcecode.swift; path = KeyboardAnimation.swift; sourceTree = "<group>"; };
		726CEA1D2B164B6100E734FC /* ParametersHelper.swift */ = {isa = PBXFileReference; lastKnownFileType = sourcecode.swift; path = ParametersHelper.swift; sourceTree = "<group>"; };
		726CEA222B16547800E734FC /* OnboardFirstStepVC.swift */ = {isa = PBXFileReference; lastKnownFileType = sourcecode.swift; path = OnboardFirstStepVC.swift; sourceTree = "<group>"; };
		726CEA242B16568600E734FC /* OnboardFirstStepVM.swift */ = {isa = PBXFileReference; lastKnownFileType = sourcecode.swift; path = OnboardFirstStepVM.swift; sourceTree = "<group>"; };
		726CEA262B16572800E734FC /* OnboardFirstStepAssembler.swift */ = {isa = PBXFileReference; lastKnownFileType = sourcecode.swift; path = OnboardFirstStepAssembler.swift; sourceTree = "<group>"; };
		726CEA282B1657D900E734FC /* OnboardFirstStepCoordinator.swift */ = {isa = PBXFileReference; lastKnownFileType = sourcecode.swift; path = OnboardFirstStepCoordinator.swift; sourceTree = "<group>"; };
		726CEA2C2B165B1C00E734FC /* OnboardSecondStepVC.swift */ = {isa = PBXFileReference; lastKnownFileType = sourcecode.swift; path = OnboardSecondStepVC.swift; sourceTree = "<group>"; };
		726CEA2E2B165CA900E734FC /* OnboardSecondStepVM.swift */ = {isa = PBXFileReference; lastKnownFileType = sourcecode.swift; path = OnboardSecondStepVM.swift; sourceTree = "<group>"; };
		726CEA302B165D9500E734FC /* OnboardSecondStepCoordinator.swift */ = {isa = PBXFileReference; lastKnownFileType = sourcecode.swift; path = OnboardSecondStepCoordinator.swift; sourceTree = "<group>"; };
		726CEA322B165DD000E734FC /* OnboardSecondStepAssembler.swift */ = {isa = PBXFileReference; lastKnownFileType = sourcecode.swift; path = OnboardSecondStepAssembler.swift; sourceTree = "<group>"; };
		726CEA382B1C920C00E734FC /* MainTabBarVC.swift */ = {isa = PBXFileReference; lastKnownFileType = sourcecode.swift; path = MainTabBarVC.swift; sourceTree = "<group>"; };
		726CEA3B2B1C929400E734FC /* HomeVC.swift */ = {isa = PBXFileReference; lastKnownFileType = sourcecode.swift; path = HomeVC.swift; sourceTree = "<group>"; };
		726CEA3E2B1C92D100E734FC /* ProfileVC.swift */ = {isa = PBXFileReference; lastKnownFileType = sourcecode.swift; path = ProfileVC.swift; sourceTree = "<group>"; };
		726CEA562B1F95D700E734FC /* AuthService.swift */ = {isa = PBXFileReference; lastKnownFileType = sourcecode.swift; path = AuthService.swift; sourceTree = "<group>"; };
		726CEA582B1F975D00E734FC /* AuthService+Login.swift */ = {isa = PBXFileReference; lastKnownFileType = sourcecode.swift; path = "AuthService+Login.swift"; sourceTree = "<group>"; };
		726CEA5F2B246EF300E734FC /* AuthService+Register.swift */ = {isa = PBXFileReference; lastKnownFileType = sourcecode.swift; path = "AuthService+Register.swift"; sourceTree = "<group>"; };
		726CEA612B2477D800E734FC /* AuthService+Reset.swift */ = {isa = PBXFileReference; lastKnownFileType = sourcecode.swift; path = "AuthService+Reset.swift"; sourceTree = "<group>"; };
		726CEA662B28C1DF00E734FC /* AlertService.swift */ = {isa = PBXFileReference; lastKnownFileType = sourcecode.swift; path = AlertService.swift; sourceTree = "<group>"; };
		726CEA682B28C95800E734FC /* AlertService+Login.swift */ = {isa = PBXFileReference; lastKnownFileType = sourcecode.swift; path = "AlertService+Login.swift"; sourceTree = "<group>"; };
		726CEA6D2B28D1B300E734FC /* MainTabBarCoordinator.swift */ = {isa = PBXFileReference; lastKnownFileType = sourcecode.swift; path = MainTabBarCoordinator.swift; sourceTree = "<group>"; };
		726CEA722B28D31F00E734FC /* HomeAssembler.swift */ = {isa = PBXFileReference; lastKnownFileType = sourcecode.swift; path = HomeAssembler.swift; sourceTree = "<group>"; };
		726CEA742B28D35400E734FC /* HomeCoordinator.swift */ = {isa = PBXFileReference; lastKnownFileType = sourcecode.swift; path = HomeCoordinator.swift; sourceTree = "<group>"; };
		726CEA762B2DCDC300E734FC /* MainTabBarAssembler.swift */ = {isa = PBXFileReference; lastKnownFileType = sourcecode.swift; path = MainTabBarAssembler.swift; sourceTree = "<group>"; };
		726CEA792B2DCFFD00E734FC /* ProfileCoordinator.swift */ = {isa = PBXFileReference; lastKnownFileType = sourcecode.swift; path = ProfileCoordinator.swift; sourceTree = "<group>"; };
		726CEA7B2B2DD00C00E734FC /* ProfileAssembler.swift */ = {isa = PBXFileReference; lastKnownFileType = sourcecode.swift; path = ProfileAssembler.swift; sourceTree = "<group>"; };
		726CEA7D2B2DD76900E734FC /* AlertService+Reset.swift */ = {isa = PBXFileReference; lastKnownFileType = sourcecode.swift; path = "AlertService+Reset.swift"; sourceTree = "<group>"; };
		727D85E22B4F1EA20092147B /* HeaderView.swift */ = {isa = PBXFileReference; lastKnownFileType = sourcecode.swift; path = HeaderView.swift; sourceTree = "<group>"; };
		727D85E42B519C9F0092147B /* AccountTableViewCell.swift */ = {isa = PBXFileReference; lastKnownFileType = sourcecode.swift; path = AccountTableViewCell.swift; sourceTree = "<group>"; };
		727D85E62B5294C50092147B /* SettingsTableViewCell.swift */ = {isa = PBXFileReference; lastKnownFileType = sourcecode.swift; path = SettingsTableViewCell.swift; sourceTree = "<group>"; };
		727D85FF2B56E0CA0092147B /* Container.swift */ = {isa = PBXFileReference; lastKnownFileType = sourcecode.swift; path = Container.swift; sourceTree = "<group>"; };
		727D86012B56E5520092147B /* ContainerRegistrator.swift */ = {isa = PBXFileReference; lastKnownFileType = sourcecode.swift; path = ContainerRegistrator.swift; sourceTree = "<group>"; };
		727D86042B56EFF90092147B /* WindowManager.swift */ = {isa = PBXFileReference; lastKnownFileType = sourcecode.swift; path = WindowManager.swift; sourceTree = "<group>"; };
		727D86132B601CD90092147B /* ProfileSections.swift */ = {isa = PBXFileReference; lastKnownFileType = sourcecode.swift; path = ProfileSections.swift; sourceTree = "<group>"; };
		727D86152B60231D0092147B /* ProfileVM.swift */ = {isa = PBXFileReference; lastKnownFileType = sourcecode.swift; path = ProfileVM.swift; sourceTree = "<group>"; };
		727D861A2B602CDC0092147B /* ProfileAdapter.swift */ = {isa = PBXFileReference; lastKnownFileType = sourcecode.swift; path = ProfileAdapter.swift; sourceTree = "<group>"; };
		727D862C2B663E110092147B /* AuthService+Profile.swift */ = {isa = PBXFileReference; lastKnownFileType = sourcecode.swift; path = "AuthService+Profile.swift"; sourceTree = "<group>"; };
		727D862E2B6640510092147B /* AlertService+Profile.swift */ = {isa = PBXFileReference; lastKnownFileType = sourcecode.swift; path = "AlertService+Profile.swift"; sourceTree = "<group>"; };
		727D86302B6F85BC0092147B /* Collections+Register.swift */ = {isa = PBXFileReference; lastKnownFileType = sourcecode.swift; path = "Collections+Register.swift"; sourceTree = "<group>"; };
		727D86372B6F8B6B0092147B /* Storage.framework */ = {isa = PBXFileReference; explicitFileType = wrapper.framework; includeInIndex = 0; path = Storage.framework; sourceTree = BUILT_PRODUCTS_DIR; };
		727D86392B6F8B6B0092147B /* Storage.h */ = {isa = PBXFileReference; lastKnownFileType = sourcecode.c.h; path = Storage.h; sourceTree = "<group>"; };
		727D86472B6F8E490092147B /* NotificationDatabase.xcdatamodel */ = {isa = PBXFileReference; lastKnownFileType = wrapper.xcdatamodel; path = NotificationDatabase.xcdatamodel; sourceTree = "<group>"; };
		727D864B2B6F90410092147B /* BaseNotificationMO+CoreDataClass.swift */ = {isa = PBXFileReference; lastKnownFileType = sourcecode.swift; path = "BaseNotificationMO+CoreDataClass.swift"; sourceTree = "<group>"; };
		727D864C2B6F90410092147B /* BaseNotificationMO+CoreDataProperties.swift */ = {isa = PBXFileReference; lastKnownFileType = sourcecode.swift; path = "BaseNotificationMO+CoreDataProperties.swift"; sourceTree = "<group>"; };
		727D864D2B6F90410092147B /* DateNotificationMO+CoreDataClass.swift */ = {isa = PBXFileReference; lastKnownFileType = sourcecode.swift; path = "DateNotificationMO+CoreDataClass.swift"; sourceTree = "<group>"; };
		727D864E2B6F90410092147B /* DateNotificationMO+CoreDataProperties.swift */ = {isa = PBXFileReference; lastKnownFileType = sourcecode.swift; path = "DateNotificationMO+CoreDataProperties.swift"; sourceTree = "<group>"; };
		727D86542B6F93C00092147B /* DateNotificationDTO.swift */ = {isa = PBXFileReference; lastKnownFileType = sourcecode.swift; path = DateNotificationDTO.swift; sourceTree = "<group>"; };
		727D86572B6F970A0092147B /* CoreDataService.swift */ = {isa = PBXFileReference; lastKnownFileType = sourcecode.swift; path = CoreDataService.swift; sourceTree = "<group>"; };
		727D865A2B6F98050092147B /* DateNotificationStorage.swift */ = {isa = PBXFileReference; lastKnownFileType = sourcecode.swift; path = DateNotificationStorage.swift; sourceTree = "<group>"; };
		727D865D2B6F9D7E0092147B /* NSPredicate+Const.swift */ = {isa = PBXFileReference; lastKnownFileType = sourcecode.swift; path = "NSPredicate+Const.swift"; sourceTree = "<group>"; };
		728C08782AE8270F00066F58 /* NoteMe.app */ = {isa = PBXFileReference; explicitFileType = wrapper.application; includeInIndex = 0; path = NoteMe.app; sourceTree = BUILT_PRODUCTS_DIR; };
		728C087B2AE8270F00066F58 /* AppDelegate.swift */ = {isa = PBXFileReference; lastKnownFileType = sourcecode.swift; path = AppDelegate.swift; sourceTree = "<group>"; };
		728C087D2AE8270F00066F58 /* SceneDelegate.swift */ = {isa = PBXFileReference; lastKnownFileType = sourcecode.swift; path = SceneDelegate.swift; sourceTree = "<group>"; };
		728C08842AE8271000066F58 /* Assets.xcassets */ = {isa = PBXFileReference; lastKnownFileType = folder.assetcatalog; path = Assets.xcassets; sourceTree = "<group>"; };
		728C08872AE8271000066F58 /* Base */ = {isa = PBXFileReference; lastKnownFileType = file.storyboard; name = Base; path = Base.lproj/LaunchScreen.storyboard; sourceTree = "<group>"; };
		728C08892AE8271000066F58 /* Info.plist */ = {isa = PBXFileReference; lastKnownFileType = text.plist.xml; path = Info.plist; sourceTree = "<group>"; };
		728C08922AE82E7900066F58 /* UIColor+Consts.swift */ = {isa = PBXFileReference; lastKnownFileType = sourcecode.swift; path = "UIColor+Consts.swift"; sourceTree = "<group>"; };
		728C08942AE834E200066F58 /* UIFont+Consts.swift */ = {isa = PBXFileReference; lastKnownFileType = sourcecode.swift; path = "UIFont+Consts.swift"; sourceTree = "<group>"; };
		728C08962AE8382C00066F58 /* UIImage+Consts.swift */ = {isa = PBXFileReference; lastKnownFileType = sourcecode.swift; path = "UIImage+Consts.swift"; sourceTree = "<group>"; };
		728C089E2AE83DE100066F58 /* LoginVC.swift */ = {isa = PBXFileReference; lastKnownFileType = sourcecode.swift; path = LoginVC.swift; sourceTree = "<group>"; };
		729AA0582B70CFC600A6A96C /* LocationNotificationMO+CoreDataClass.swift */ = {isa = PBXFileReference; lastKnownFileType = sourcecode.swift; path = "LocationNotificationMO+CoreDataClass.swift"; sourceTree = "<group>"; };
		729AA0592B70CFC600A6A96C /* LocationNotificationMO+CoreDataProperties.swift */ = {isa = PBXFileReference; lastKnownFileType = sourcecode.swift; path = "LocationNotificationMO+CoreDataProperties.swift"; sourceTree = "<group>"; };
		729AA05C2B70D17C00A6A96C /* LocationNotificationDTO.swift */ = {isa = PBXFileReference; lastKnownFileType = sourcecode.swift; path = LocationNotificationDTO.swift; sourceTree = "<group>"; };
		729AA05E2B70D8B600A6A96C /* LocationNotificationStorage.swift */ = {isa = PBXFileReference; lastKnownFileType = sourcecode.swift; path = LocationNotificationStorage.swift; sourceTree = "<group>"; };
		729C0ECB2AFAB88900E3D89D /* String+Localization.swift */ = {isa = PBXFileReference; lastKnownFileType = sourcecode.swift; path = "String+Localization.swift"; sourceTree = "<group>"; };
		72B737E62AFE942D0039FFED /* UIButton+Actions.swift */ = {isa = PBXFileReference; lastKnownFileType = sourcecode.swift; path = "UIButton+Actions.swift"; sourceTree = "<group>"; };
		72B737E82AFE97800039FFED /* LoginVM.swift */ = {isa = PBXFileReference; lastKnownFileType = sourcecode.swift; path = LoginVM.swift; sourceTree = "<group>"; };
		72B737EA2AFE97F40039FFED /* LoginAssembler.swift */ = {isa = PBXFileReference; lastKnownFileType = sourcecode.swift; path = LoginAssembler.swift; sourceTree = "<group>"; };
		72B737EE2AFEA1B90039FFED /* InputValidator.swift */ = {isa = PBXFileReference; lastKnownFileType = sourcecode.swift; path = InputValidator.swift; sourceTree = "<group>"; };
		72B737F22AFEA8140039FFED /* InputValidator+Login.swift */ = {isa = PBXFileReference; lastKnownFileType = sourcecode.swift; path = "InputValidator+Login.swift"; sourceTree = "<group>"; };
		72B737F42B03DB880039FFED /* RegisterPresenter.swift */ = {isa = PBXFileReference; lastKnownFileType = sourcecode.swift; path = RegisterPresenter.swift; sourceTree = "<group>"; };
		72B737F62B03E1180039FFED /* RegisterAssembler.swift */ = {isa = PBXFileReference; lastKnownFileType = sourcecode.swift; path = RegisterAssembler.swift; sourceTree = "<group>"; };
		72B737F92B03E53A0039FFED /* KeyboardHelper.swift */ = {isa = PBXFileReference; lastKnownFileType = sourcecode.swift; path = KeyboardHelper.swift; sourceTree = "<group>"; };
		72B737FC2B0A2D280039FFED /* InputValidator+Register.swift */ = {isa = PBXFileReference; lastKnownFileType = sourcecode.swift; path = "InputValidator+Register.swift"; sourceTree = "<group>"; };
		72B737FE2B0A69090039FFED /* ResetVM.swift */ = {isa = PBXFileReference; lastKnownFileType = sourcecode.swift; path = ResetVM.swift; sourceTree = "<group>"; };
		72B738002B0A70430039FFED /* ResetAssembler.swift */ = {isa = PBXFileReference; lastKnownFileType = sourcecode.swift; path = ResetAssembler.swift; sourceTree = "<group>"; };
		72B738032B0A70A80039FFED /* InputValidator+Reset.swift */ = {isa = PBXFileReference; lastKnownFileType = sourcecode.swift; path = "InputValidator+Reset.swift"; sourceTree = "<group>"; };
		72B738052B0BDAEC0039FFED /* KeyboardHelper+Register.swift */ = {isa = PBXFileReference; lastKnownFileType = sourcecode.swift; path = "KeyboardHelper+Register.swift"; sourceTree = "<group>"; };
		72B7382A2B0D124D0039FFED /* AppCoordinator.swift */ = {isa = PBXFileReference; lastKnownFileType = sourcecode.swift; path = AppCoordinator.swift; sourceTree = "<group>"; };
		72B7382D2B0D12AF0039FFED /* Coordinator.swift */ = {isa = PBXFileReference; lastKnownFileType = sourcecode.swift; path = Coordinator.swift; sourceTree = "<group>"; };
		72B738302B0D1B700039FFED /* LoginCoordinator.swift */ = {isa = PBXFileReference; lastKnownFileType = sourcecode.swift; path = LoginCoordinator.swift; sourceTree = "<group>"; };
		72B738332B0D24C50039FFED /* RegisterCoordinator.swift */ = {isa = PBXFileReference; lastKnownFileType = sourcecode.swift; path = RegisterCoordinator.swift; sourceTree = "<group>"; };
		72ED6CD92B2DF5580038D14C /* NSAttributedString+HTML.swift */ = {isa = PBXFileReference; lastKnownFileType = sourcecode.swift; path = "NSAttributedString+HTML.swift"; sourceTree = "<group>"; };
		72ED6CDB2B2E15C70038D14C /* KeyboardAnimation+Register.swift */ = {isa = PBXFileReference; lastKnownFileType = sourcecode.swift; path = "KeyboardAnimation+Register.swift"; sourceTree = "<group>"; };
		72ED6CDD2B2E5B5D0038D14C /* KeyboardAnimation+Login.swift */ = {isa = PBXFileReference; lastKnownFileType = sourcecode.swift; path = "KeyboardAnimation+Login.swift"; sourceTree = "<group>"; };
		840AD9B32B73B45100FE81FF /* GoogleService-Info.plist */ = {isa = PBXFileReference; fileEncoding = 4; lastKnownFileType = text.plist.xml; path = "GoogleService-Info.plist"; sourceTree = "<group>"; };
		840AD9C32B73E37100FE81FF /* DTODescription.swift */ = {isa = PBXFileReference; lastKnownFileType = sourcecode.swift; path = DTODescription.swift; sourceTree = "<group>"; };
		840AD9C52B73E41500FE81FF /* NotificationStorage.swift */ = {isa = PBXFileReference; lastKnownFileType = sourcecode.swift; path = NotificationStorage.swift; sourceTree = "<group>"; };
		840AD9C72B73F57D00FE81FF /* HomeVM.swift */ = {isa = PBXFileReference; lastKnownFileType = sourcecode.swift; path = HomeVM.swift; sourceTree = "<group>"; };
		840AD9CA2B73F5FD00FE81FF /* FRCService.swift */ = {isa = PBXFileReference; lastKnownFileType = sourcecode.swift; path = FRCService.swift; sourceTree = "<group>"; };
		840AD9CC2B74D04D00FE81FF /* TimerNotificationMO+CoreDataClass.swift */ = {isa = PBXFileReference; lastKnownFileType = sourcecode.swift; path = "TimerNotificationMO+CoreDataClass.swift"; sourceTree = "<group>"; };
		840AD9CD2B74D04D00FE81FF /* TimerNotificationMO+CoreDataProperties.swift */ = {isa = PBXFileReference; lastKnownFileType = sourcecode.swift; path = "TimerNotificationMO+CoreDataProperties.swift"; sourceTree = "<group>"; };
		840AD9D02B74D08F00FE81FF /* TimerNotificationDTO.swift */ = {isa = PBXFileReference; lastKnownFileType = sourcecode.swift; path = TimerNotificationDTO.swift; sourceTree = "<group>"; };
		840AD9D42B75030B00FE81FF /* TimerNotificationStorage.swift */ = {isa = PBXFileReference; lastKnownFileType = sourcecode.swift; path = TimerNotificationStorage.swift; sourceTree = "<group>"; };
		840AD9D82B75243A00FE81FF /* DateNotificationVC.swift */ = {isa = PBXFileReference; lastKnownFileType = sourcecode.swift; path = DateNotificationVC.swift; sourceTree = "<group>"; };
		840AD9DA2B761A7000FE81FF /* CustomTextView.swift */ = {isa = PBXFileReference; lastKnownFileType = sourcecode.swift; path = CustomTextView.swift; sourceTree = "<group>"; };
		840AD9DC2B76421D00FE81FF /* DateNotificationVM.swift */ = {isa = PBXFileReference; lastKnownFileType = sourcecode.swift; path = DateNotificationVM.swift; sourceTree = "<group>"; };
		840AD9DF2B76602B00FE81FF /* DateNotificationAssembler.swift */ = {isa = PBXFileReference; lastKnownFileType = sourcecode.swift; path = DateNotificationAssembler.swift; sourceTree = "<group>"; };
		840AD9E12B76604400FE81FF /* DateNotificationCoordinator.swift */ = {isa = PBXFileReference; lastKnownFileType = sourcecode.swift; path = DateNotificationCoordinator.swift; sourceTree = "<group>"; };
		846564EA2B78D6AE00021181 /* MainMenuVC.swift */ = {isa = PBXFileReference; lastKnownFileType = sourcecode.swift; path = MainMenuVC.swift; sourceTree = "<group>"; };
		846564EC2B78DB8500021181 /* MenuTableViewCell.swift */ = {isa = PBXFileReference; lastKnownFileType = sourcecode.swift; path = MenuTableViewCell.swift; sourceTree = "<group>"; };
		846564F02B792AF100021181 /* MainMenuVM.swift */ = {isa = PBXFileReference; lastKnownFileType = sourcecode.swift; path = MainMenuVM.swift; sourceTree = "<group>"; };
		846564F22B792FDF00021181 /* MainMenuAssembler.swift */ = {isa = PBXFileReference; lastKnownFileType = sourcecode.swift; path = MainMenuAssembler.swift; sourceTree = "<group>"; };
		846564F42B79308900021181 /* MainMenuCoordinator.swift */ = {isa = PBXFileReference; lastKnownFileType = sourcecode.swift; path = MainMenuCoordinator.swift; sourceTree = "<group>"; };
		846564F72B793C1E00021181 /* MainMenuRows.swift */ = {isa = PBXFileReference; lastKnownFileType = sourcecode.swift; path = MainMenuRows.swift; sourceTree = "<group>"; };
		846564FA2B79676600021181 /* MainMenuAdapter.swift */ = {isa = PBXFileReference; lastKnownFileType = sourcecode.swift; path = MainMenuAdapter.swift; sourceTree = "<group>"; };
/* End PBXFileReference section */

/* Begin PBXFrameworksBuildPhase section */
		727D86342B6F8B6B0092147B /* Frameworks */ = {
			isa = PBXFrameworksBuildPhase;
			buildActionMask = 2147483647;
			files = (
			);
			runOnlyForDeploymentPostprocessing = 0;
		};
		728C08752AE8270F00066F58 /* Frameworks */ = {
			isa = PBXFrameworksBuildPhase;
			buildActionMask = 2147483647;
			files = (
				727D863D2B6F8B6B0092147B /* Storage.framework in Frameworks */,
				840AD9BD2B73B6DA00FE81FF /* FirebaseAuth in Frameworks */,
				840AD9BB2B73B6DA00FE81FF /* FirebaseAnalyticsWithoutAdIdSupport in Frameworks */,
				728C089A2AE83AF300066F58 /* SnapKit in Frameworks */,
				840AD9B92B73B6DA00FE81FF /* FirebaseAnalyticsSwift-Beta in Frameworks */,
				840AD9C12B73B6DA00FE81FF /* FirebaseCrashlytics in Frameworks */,
				840AD9BF2B73B6DA00FE81FF /* FirebaseAuthCombine-Community in Frameworks */,
				840AD9B72B73B6DA00FE81FF /* FirebaseAnalytics in Frameworks */,
			);
			runOnlyForDeploymentPostprocessing = 0;
		};
/* End PBXFrameworksBuildPhase section */

/* Begin PBXGroup section */
		72456EAF2AF15EC400898215 /* Utils */ = {
			isa = PBXGroup;
			children = (
				72456EB02AF15F4700898215 /* View+Layer.swift */,
				729C0ECB2AFAB88900E3D89D /* String+Localization.swift */,
				72B737E62AFE942D0039FFED /* UIButton+Actions.swift */,
				72ED6CD92B2DF5580038D14C /* NSAttributedString+HTML.swift */,
				727D86302B6F85BC0092147B /* Collections+Register.swift */,
			);
			path = Utils;
			sourceTree = "<group>";
		};
		72456EB22AF1600300898215 /* Styles */ = {
			isa = PBXGroup;
			children = (
				72456EAD2AED60C400898215 /* UIView+Style.swift */,
				72456EB32AF1602C00898215 /* UIButton+Styles.swift */,
				72456EB82AF57AC600898215 /* UILabel+Style.swift */,
			);
			path = Styles;
			sourceTree = "<group>";
		};
		72456EB52AF16E9900898215 /* Custom */ = {
			isa = PBXGroup;
			children = (
				72456EB62AF16EC100898215 /* LineTextField.swift */,
				840AD9DA2B761A7000FE81FF /* CustomTextView.swift */,
			);
			path = Custom;
			sourceTree = "<group>";
		};
		72456EBA2AF690C400898215 /* Register */ = {
			isa = PBXGroup;
			children = (
				72B738322B0D24B10039FFED /* Coordinator */,
				72B737FB2B0A2CB80039FFED /* UseCases */,
				72456EBB2AF690DB00898215 /* RegisterVC.swift */,
				72B737F42B03DB880039FFED /* RegisterPresenter.swift */,
			);
			path = Register;
			sourceTree = "<group>";
		};
		72456EBD2AF6963D00898215 /* Reset */ = {
			isa = PBXGroup;
			children = (
				726CEA142B136C8200E734FC /* Coordinator */,
				72B738022B0A70870039FFED /* UseCases */,
				72456EBE2AF6964D00898215 /* ResetVC.swift */,
				72B737FE2B0A69090039FFED /* ResetVM.swift */,
			);
			path = Reset;
			sourceTree = "<group>";
		};
		726CEA142B136C8200E734FC /* Coordinator */ = {
			isa = PBXGroup;
			children = (
				726CEA152B136C9A00E734FC /* ResetCoordinator.swift */,
				72B738002B0A70430039FFED /* ResetAssembler.swift */,
			);
			path = Coordinator;
			sourceTree = "<group>";
		};
		726CEA192B15015400E734FC /* KeyboardAnimation */ = {
			isa = PBXGroup;
			children = (
				726CEA1A2B15018100E734FC /* KeyboardAnimation.swift */,
			);
			path = KeyboardAnimation;
			sourceTree = "<group>";
		};
		726CEA1C2B164B4A00E734FC /* ParametersHelper */ = {
			isa = PBXGroup;
			children = (
				726CEA1D2B164B6100E734FC /* ParametersHelper.swift */,
			);
			path = ParametersHelper;
			sourceTree = "<group>";
		};
		726CEA1F2B16542600E734FC /* Onboarding */ = {
			isa = PBXGroup;
			children = (
				726CEA2A2B165AEE00E734FC /* OnboardSecondStep */,
				726CEA202B16543A00E734FC /* OnboardFirstStep */,
			);
			path = Onboarding;
			sourceTree = "<group>";
		};
		726CEA202B16543A00E734FC /* OnboardFirstStep */ = {
			isa = PBXGroup;
			children = (
				726CEA212B16544C00E734FC /* Coordinator */,
				726CEA222B16547800E734FC /* OnboardFirstStepVC.swift */,
				726CEA242B16568600E734FC /* OnboardFirstStepVM.swift */,
			);
			path = OnboardFirstStep;
			sourceTree = "<group>";
		};
		726CEA212B16544C00E734FC /* Coordinator */ = {
			isa = PBXGroup;
			children = (
				726CEA262B16572800E734FC /* OnboardFirstStepAssembler.swift */,
				726CEA282B1657D900E734FC /* OnboardFirstStepCoordinator.swift */,
			);
			path = Coordinator;
			sourceTree = "<group>";
		};
		726CEA2A2B165AEE00E734FC /* OnboardSecondStep */ = {
			isa = PBXGroup;
			children = (
				726CEA2B2B165AFA00E734FC /* Coordinator */,
				726CEA2C2B165B1C00E734FC /* OnboardSecondStepVC.swift */,
				726CEA2E2B165CA900E734FC /* OnboardSecondStepVM.swift */,
			);
			path = OnboardSecondStep;
			sourceTree = "<group>";
		};
		726CEA2B2B165AFA00E734FC /* Coordinator */ = {
			isa = PBXGroup;
			children = (
				726CEA302B165D9500E734FC /* OnboardSecondStepCoordinator.swift */,
				726CEA322B165DD000E734FC /* OnboardSecondStepAssembler.swift */,
			);
			path = Coordinator;
			sourceTree = "<group>";
		};
		726CEA362B1C91DC00E734FC /* Home */ = {
			isa = PBXGroup;
			children = (
				726CEA712B28D30F00E734FC /* Coordinator */,
				726CEA3B2B1C929400E734FC /* HomeVC.swift */,
				840AD9C72B73F57D00FE81FF /* HomeVM.swift */,
			);
			path = Home;
			sourceTree = "<group>";
		};
		726CEA372B1C91E600E734FC /* TabBar */ = {
			isa = PBXGroup;
			children = (
				726CEA6A2B28D0B400E734FC /* Coordinator */,
				726CEA382B1C920C00E734FC /* MainTabBarVC.swift */,
			);
			path = TabBar;
			sourceTree = "<group>";
		};
		726CEA3D2B1C92C200E734FC /* Profile */ = {
			isa = PBXGroup;
			children = (
				727D862B2B6536580092147B /* UseCase */,
				727D86112B601CB20092147B /* Adapter */,
				726CEA782B2DCFDD00E734FC /* Coordinator */,
				726CEA3E2B1C92D100E734FC /* ProfileVC.swift */,
				727D86152B60231D0092147B /* ProfileVM.swift */,
			);
			path = Profile;
			sourceTree = "<group>";
		};
		726CEA552B1F95B800E734FC /* AuthService */ = {
			isa = PBXGroup;
			children = (
				726CEA562B1F95D700E734FC /* AuthService.swift */,
			);
			path = AuthService;
			sourceTree = "<group>";
		};
		726CEA5A2B1F98D400E734FC /* AlertService */ = {
			isa = PBXGroup;
			children = (
				726CEA662B28C1DF00E734FC /* AlertService.swift */,
			);
			path = AlertService;
			sourceTree = "<group>";
		};
		726CEA6A2B28D0B400E734FC /* Coordinator */ = {
			isa = PBXGroup;
			children = (
				726CEA6D2B28D1B300E734FC /* MainTabBarCoordinator.swift */,
				726CEA762B2DCDC300E734FC /* MainTabBarAssembler.swift */,
			);
			path = Coordinator;
			sourceTree = "<group>";
		};
		726CEA712B28D30F00E734FC /* Coordinator */ = {
			isa = PBXGroup;
			children = (
				726CEA722B28D31F00E734FC /* HomeAssembler.swift */,
				726CEA742B28D35400E734FC /* HomeCoordinator.swift */,
			);
			path = Coordinator;
			sourceTree = "<group>";
		};
		726CEA782B2DCFDD00E734FC /* Coordinator */ = {
			isa = PBXGroup;
			children = (
				726CEA792B2DCFFD00E734FC /* ProfileCoordinator.swift */,
				726CEA7B2B2DD00C00E734FC /* ProfileAssembler.swift */,
			);
			path = Coordinator;
			sourceTree = "<group>";
		};
		727D85E12B4F1D050092147B /* Cells */ = {
			isa = PBXGroup;
			children = (
				727D85E42B519C9F0092147B /* AccountTableViewCell.swift */,
				727D85E62B5294C50092147B /* SettingsTableViewCell.swift */,
			);
			path = Cells;
			sourceTree = "<group>";
		};
		727D85FE2B56E0B50092147B /* Container */ = {
			isa = PBXGroup;
			children = (
				727D85FF2B56E0CA0092147B /* Container.swift */,
				727D86012B56E5520092147B /* ContainerRegistrator.swift */,
			);
			path = Container;
			sourceTree = "<group>";
		};
		727D86032B56EFE70092147B /* WindowManager */ = {
			isa = PBXGroup;
			children = (
				727D86042B56EFF90092147B /* WindowManager.swift */,
			);
			path = WindowManager;
			sourceTree = "<group>";
		};
		727D86112B601CB20092147B /* Adapter */ = {
			isa = PBXGroup;
			children = (
				727D86182B602BE20092147B /* Headers */,
				727D85E12B4F1D050092147B /* Cells */,
				727D86122B601CC00092147B /* Sections */,
				727D861A2B602CDC0092147B /* ProfileAdapter.swift */,
			);
			path = Adapter;
			sourceTree = "<group>";
		};
		727D86122B601CC00092147B /* Sections */ = {
			isa = PBXGroup;
			children = (
				727D86132B601CD90092147B /* ProfileSections.swift */,
			);
			path = Sections;
			sourceTree = "<group>";
		};
		727D86182B602BE20092147B /* Headers */ = {
			isa = PBXGroup;
			children = (
				727D85E22B4F1EA20092147B /* HeaderView.swift */,
			);
			path = Headers;
			sourceTree = "<group>";
		};
		727D862B2B6536580092147B /* UseCase */ = {
			isa = PBXGroup;
			children = (
				727D862C2B663E110092147B /* AuthService+Profile.swift */,
				727D862E2B6640510092147B /* AlertService+Profile.swift */,
			);
			path = UseCase;
			sourceTree = "<group>";
		};
		727D86382B6F8B6B0092147B /* Storage */ = {
			isa = PBXGroup;
			children = (
				840AD9C92B73F5EB00FE81FF /* FRC */,
				727D865C2B6F9D630092147B /* Consts */,
				727D86592B6F97F00092147B /* Storages */,
				727D86562B6F96F50092147B /* CoreData */,
				727D86452B6F8E080092147B /* DataStorage */,
				727D86392B6F8B6B0092147B /* Storage.h */,
			);
			path = Storage;
			sourceTree = "<group>";
		};
		727D86452B6F8E080092147B /* DataStorage */ = {
			isa = PBXGroup;
			children = (
				727D86492B6F8FDC0092147B /* Models */,
				727D86462B6F8E490092147B /* NotificationDatabase.xcdatamodeld */,
			);
			path = DataStorage;
			sourceTree = "<group>";
		};
		727D86492B6F8FDC0092147B /* Models */ = {
			isa = PBXGroup;
			children = (
				840AD9C22B73E35300FE81FF /* Protocols */,
				727D86532B6F93A60092147B /* DTOs */,
				727D864A2B6F8FE20092147B /* ManagedObjects */,
			);
			path = Models;
			sourceTree = "<group>";
		};
		727D864A2B6F8FE20092147B /* ManagedObjects */ = {
			isa = PBXGroup;
			children = (
				727D864B2B6F90410092147B /* BaseNotificationMO+CoreDataClass.swift */,
				727D864C2B6F90410092147B /* BaseNotificationMO+CoreDataProperties.swift */,
				727D864D2B6F90410092147B /* DateNotificationMO+CoreDataClass.swift */,
				727D864E2B6F90410092147B /* DateNotificationMO+CoreDataProperties.swift */,
				729AA0582B70CFC600A6A96C /* LocationNotificationMO+CoreDataClass.swift */,
				729AA0592B70CFC600A6A96C /* LocationNotificationMO+CoreDataProperties.swift */,
				840AD9CC2B74D04D00FE81FF /* TimerNotificationMO+CoreDataClass.swift */,
				840AD9CD2B74D04D00FE81FF /* TimerNotificationMO+CoreDataProperties.swift */,
			);
			path = ManagedObjects;
			sourceTree = "<group>";
		};
		727D86532B6F93A60092147B /* DTOs */ = {
			isa = PBXGroup;
			children = (
				727D86542B6F93C00092147B /* DateNotificationDTO.swift */,
				729AA05C2B70D17C00A6A96C /* LocationNotificationDTO.swift */,
				840AD9D02B74D08F00FE81FF /* TimerNotificationDTO.swift */,
			);
			path = DTOs;
			sourceTree = "<group>";
		};
		727D86562B6F96F50092147B /* CoreData */ = {
			isa = PBXGroup;
			children = (
				727D86572B6F970A0092147B /* CoreDataService.swift */,
			);
			path = CoreData;
			sourceTree = "<group>";
		};
		727D86592B6F97F00092147B /* Storages */ = {
			isa = PBXGroup;
			children = (
				727D865A2B6F98050092147B /* DateNotificationStorage.swift */,
				729AA05E2B70D8B600A6A96C /* LocationNotificationStorage.swift */,
				840AD9C52B73E41500FE81FF /* NotificationStorage.swift */,
				840AD9D42B75030B00FE81FF /* TimerNotificationStorage.swift */,
			);
			path = Storages;
			sourceTree = "<group>";
		};
		727D865C2B6F9D630092147B /* Consts */ = {
			isa = PBXGroup;
			children = (
				727D865D2B6F9D7E0092147B /* NSPredicate+Const.swift */,
			);
			path = Consts;
			sourceTree = "<group>";
		};
		728C086F2AE8270F00066F58 = {
			isa = PBXGroup;
			children = (
				728C087A2AE8270F00066F58 /* NoteMe */,
				727D86382B6F8B6B0092147B /* Storage */,
				728C08792AE8270F00066F58 /* Products */,
			);
			sourceTree = "<group>";
		};
		728C08792AE8270F00066F58 /* Products */ = {
			isa = PBXGroup;
			children = (
				728C08782AE8270F00066F58 /* NoteMe.app */,
				727D86372B6F8B6B0092147B /* Storage.framework */,
			);
			name = Products;
			sourceTree = "<group>";
		};
		728C087A2AE8270F00066F58 /* NoteMe */ = {
			isa = PBXGroup;
			children = (
				840AD9B32B73B45100FE81FF /* GoogleService-Info.plist */,
				728C08902AE82DE400066F58 /* App */,
				72456EB52AF16E9900898215 /* Custom */,
				728C08862AE8271000066F58 /* LaunchScreen.storyboard */,
				728C089B2AE83D7B00066F58 /* Modules */,
				728C088F2AE82DBF00066F58 /* Resource */,
				72B737EC2AFEA14F0039FFED /* Services */,
				728C08892AE8271000066F58 /* Info.plist */,
				72456EB22AF1600300898215 /* Styles */,
				72456EAF2AF15EC400898215 /* Utils */,
			);
			path = NoteMe;
			sourceTree = "<group>";
		};
		728C088F2AE82DBF00066F58 /* Resource */ = {
			isa = PBXGroup;
			children = (
				72456EC52AF77E6A00898215 /* Localizable.strings */,
				728C08912AE82E3900066F58 /* Consts */,
				728C08842AE8271000066F58 /* Assets.xcassets */,
			);
			path = Resource;
			sourceTree = "<group>";
		};
		728C08902AE82DE400066F58 /* App */ = {
			isa = PBXGroup;
			children = (
				728C087D2AE8270F00066F58 /* SceneDelegate.swift */,
				728C087B2AE8270F00066F58 /* AppDelegate.swift */,
				72B7382A2B0D124D0039FFED /* AppCoordinator.swift */,
			);
			path = App;
			sourceTree = "<group>";
		};
		728C08912AE82E3900066F58 /* Consts */ = {
			isa = PBXGroup;
			children = (
				728C08922AE82E7900066F58 /* UIColor+Consts.swift */,
				728C08942AE834E200066F58 /* UIFont+Consts.swift */,
				728C08962AE8382C00066F58 /* UIImage+Consts.swift */,
			);
			name = Consts;
			sourceTree = "<group>";
		};
		728C089B2AE83D7B00066F58 /* Modules */ = {
			isa = PBXGroup;
			children = (
				840AD9D62B7523E800FE81FF /* Create */,
				846564E92B78D48C00021181 /* MainMenu */,
				726CEA372B1C91E600E734FC /* TabBar */,
				726CEA3D2B1C92C200E734FC /* Profile */,
				728C089C2AE83DB200066F58 /* Auth */,
				726CEA362B1C91DC00E734FC /* Home */,
				726CEA1F2B16542600E734FC /* Onboarding */,
			);
			path = Modules;
			sourceTree = "<group>";
		};
		728C089C2AE83DB200066F58 /* Auth */ = {
			isa = PBXGroup;
			children = (
				728C089D2AE83DC400066F58 /* Login */,
				72456EBA2AF690C400898215 /* Register */,
				72456EBD2AF6963D00898215 /* Reset */,
			);
			path = Auth;
			sourceTree = "<group>";
		};
		728C089D2AE83DC400066F58 /* Login */ = {
			isa = PBXGroup;
			children = (
				72B7382F2B0D1B590039FFED /* Coordinator */,
				72B737F12AFEA7C90039FFED /* UseCases */,
				728C089E2AE83DE100066F58 /* LoginVC.swift */,
				72B737E82AFE97800039FFED /* LoginVM.swift */,
			);
			path = Login;
			sourceTree = "<group>";
		};
		72B737EC2AFEA14F0039FFED /* Services */ = {
			isa = PBXGroup;
			children = (
				727D86032B56EFE70092147B /* WindowManager */,
				727D85FE2B56E0B50092147B /* Container */,
				726CEA5A2B1F98D400E734FC /* AlertService */,
				726CEA552B1F95B800E734FC /* AuthService */,
				726CEA1C2B164B4A00E734FC /* ParametersHelper */,
				726CEA192B15015400E734FC /* KeyboardAnimation */,
				72B7382C2B0D12920039FFED /* Coordinator */,
				72B737F82B03E5110039FFED /* KeyboardHelper */,
				72B737ED2AFEA1620039FFED /* InputValidator */,
			);
			path = Services;
			sourceTree = "<group>";
		};
		72B737ED2AFEA1620039FFED /* InputValidator */ = {
			isa = PBXGroup;
			children = (
				72B737EE2AFEA1B90039FFED /* InputValidator.swift */,
			);
			path = InputValidator;
			sourceTree = "<group>";
		};
		72B737F12AFEA7C90039FFED /* UseCases */ = {
			isa = PBXGroup;
			children = (
				72B737F22AFEA8140039FFED /* InputValidator+Login.swift */,
				726CEA172B14FD8700E734FC /* KeyboardHelper+Login.swift */,
				726CEA582B1F975D00E734FC /* AuthService+Login.swift */,
				726CEA682B28C95800E734FC /* AlertService+Login.swift */,
				72ED6CDD2B2E5B5D0038D14C /* KeyboardAnimation+Login.swift */,
			);
			path = UseCases;
			sourceTree = "<group>";
		};
		72B737F82B03E5110039FFED /* KeyboardHelper */ = {
			isa = PBXGroup;
			children = (
				72B737F92B03E53A0039FFED /* KeyboardHelper.swift */,
			);
			path = KeyboardHelper;
			sourceTree = "<group>";
		};
		72B737FB2B0A2CB80039FFED /* UseCases */ = {
			isa = PBXGroup;
			children = (
				72B737FC2B0A2D280039FFED /* InputValidator+Register.swift */,
				72B738052B0BDAEC0039FFED /* KeyboardHelper+Register.swift */,
				726CEA5F2B246EF300E734FC /* AuthService+Register.swift */,
				72ED6CDB2B2E15C70038D14C /* KeyboardAnimation+Register.swift */,
			);
			path = UseCases;
			sourceTree = "<group>";
		};
		72B738022B0A70870039FFED /* UseCases */ = {
			isa = PBXGroup;
			children = (
				72B738032B0A70A80039FFED /* InputValidator+Reset.swift */,
				726CEA612B2477D800E734FC /* AuthService+Reset.swift */,
				726CEA7D2B2DD76900E734FC /* AlertService+Reset.swift */,
			);
			path = UseCases;
			sourceTree = "<group>";
		};
		72B7382C2B0D12920039FFED /* Coordinator */ = {
			isa = PBXGroup;
			children = (
				72B7382D2B0D12AF0039FFED /* Coordinator.swift */,
			);
			path = Coordinator;
			sourceTree = "<group>";
		};
		72B7382F2B0D1B590039FFED /* Coordinator */ = {
			isa = PBXGroup;
			children = (
				72B738302B0D1B700039FFED /* LoginCoordinator.swift */,
				72B737EA2AFE97F40039FFED /* LoginAssembler.swift */,
			);
			path = Coordinator;
			sourceTree = "<group>";
		};
		72B738322B0D24B10039FFED /* Coordinator */ = {
			isa = PBXGroup;
			children = (
				72B738332B0D24C50039FFED /* RegisterCoordinator.swift */,
				72B737F62B03E1180039FFED /* RegisterAssembler.swift */,
			);
			path = Coordinator;
			sourceTree = "<group>";
		};
		840AD9C22B73E35300FE81FF /* Protocols */ = {
			isa = PBXGroup;
			children = (
				840AD9C32B73E37100FE81FF /* DTODescription.swift */,
			);
			path = Protocols;
			sourceTree = "<group>";
		};
		840AD9C92B73F5EB00FE81FF /* FRC */ = {
			isa = PBXGroup;
			children = (
				840AD9CA2B73F5FD00FE81FF /* FRCService.swift */,
			);
			path = FRC;
			sourceTree = "<group>";
		};
		840AD9D62B7523E800FE81FF /* Create */ = {
			isa = PBXGroup;
			children = (
				840AD9D72B75242500FE81FF /* DateNotification */,
			);
			path = Create;
			sourceTree = "<group>";
		};
		840AD9D72B75242500FE81FF /* DateNotification */ = {
			isa = PBXGroup;
			children = (
				840AD9DE2B76600C00FE81FF /* Coordinator */,
				840AD9D82B75243A00FE81FF /* DateNotificationVC.swift */,
				840AD9DC2B76421D00FE81FF /* DateNotificationVM.swift */,
			);
			path = DateNotification;
			sourceTree = "<group>";
		};
		840AD9DE2B76600C00FE81FF /* Coordinator */ = {
			isa = PBXGroup;
			children = (
				840AD9DF2B76602B00FE81FF /* DateNotificationAssembler.swift */,
				840AD9E12B76604400FE81FF /* DateNotificationCoordinator.swift */,
			);
			path = Coordinator;
			sourceTree = "<group>";
		};
		846564E92B78D48C00021181 /* MainMenu */ = {
			isa = PBXGroup;
			children = (
				846564F92B79670B00021181 /* Adapter */,
				846564EF2B7929F600021181 /* Coordinator */,
				846564EA2B78D6AE00021181 /* MainMenuVC.swift */,
				846564F02B792AF100021181 /* MainMenuVM.swift */,
			);
			path = MainMenu;
			sourceTree = "<group>";
		};
		846564EE2B7929E000021181 /* Cells */ = {
			isa = PBXGroup;
			children = (
				846564EC2B78DB8500021181 /* MenuTableViewCell.swift */,
			);
			path = Cells;
			sourceTree = "<group>";
		};
		846564EF2B7929F600021181 /* Coordinator */ = {
			isa = PBXGroup;
			children = (
				846564F22B792FDF00021181 /* MainMenuAssembler.swift */,
				846564F42B79308900021181 /* MainMenuCoordinator.swift */,
			);
			path = Coordinator;
			sourceTree = "<group>";
		};
		846564F62B793C0800021181 /* Rows */ = {
			isa = PBXGroup;
			children = (
				846564F72B793C1E00021181 /* MainMenuRows.swift */,
			);
			path = Rows;
			sourceTree = "<group>";
		};
		846564F92B79670B00021181 /* Adapter */ = {
			isa = PBXGroup;
			children = (
				846564EE2B7929E000021181 /* Cells */,
				846564F62B793C0800021181 /* Rows */,
				846564FA2B79676600021181 /* MainMenuAdapter.swift */,
			);
			path = Adapter;
			sourceTree = "<group>";
		};
/* End PBXGroup section */

/* Begin PBXHeadersBuildPhase section */
		727D86322B6F8B6B0092147B /* Headers */ = {
			isa = PBXHeadersBuildPhase;
			buildActionMask = 2147483647;
			files = (
				727D863A2B6F8B6B0092147B /* Storage.h in Headers */,
			);
			runOnlyForDeploymentPostprocessing = 0;
		};
/* End PBXHeadersBuildPhase section */

/* Begin PBXNativeTarget section */
		727D86362B6F8B6B0092147B /* Storage */ = {
			isa = PBXNativeTarget;
			buildConfigurationList = 727D863F2B6F8B6B0092147B /* Build configuration list for PBXNativeTarget "Storage" */;
			buildPhases = (
				727D86322B6F8B6B0092147B /* Headers */,
				727D86332B6F8B6B0092147B /* Sources */,
				727D86342B6F8B6B0092147B /* Frameworks */,
				727D86352B6F8B6B0092147B /* Resources */,
			);
			buildRules = (
			);
			dependencies = (
			);
			name = Storage;
			productName = Storage;
			productReference = 727D86372B6F8B6B0092147B /* Storage.framework */;
			productType = "com.apple.product-type.framework";
		};
		728C08772AE8270F00066F58 /* NoteMe */ = {
			isa = PBXNativeTarget;
			buildConfigurationList = 728C088C2AE8271000066F58 /* Build configuration list for PBXNativeTarget "NoteMe" */;
			buildPhases = (
				728C08742AE8270F00066F58 /* Sources */,
				728C08752AE8270F00066F58 /* Frameworks */,
				728C08762AE8270F00066F58 /* Resources */,
				727D86422B6F8B6B0092147B /* Embed Frameworks */,
			);
			buildRules = (
			);
			dependencies = (
				727D863C2B6F8B6B0092147B /* PBXTargetDependency */,
			);
			name = NoteMe;
			packageProductDependencies = (
				728C08992AE83AF300066F58 /* SnapKit */,
				840AD9B62B73B6DA00FE81FF /* FirebaseAnalytics */,
				840AD9B82B73B6DA00FE81FF /* FirebaseAnalyticsSwift-Beta */,
				840AD9BA2B73B6DA00FE81FF /* FirebaseAnalyticsWithoutAdIdSupport */,
				840AD9BC2B73B6DA00FE81FF /* FirebaseAuth */,
				840AD9BE2B73B6DA00FE81FF /* FirebaseAuthCombine-Community */,
				840AD9C02B73B6DA00FE81FF /* FirebaseCrashlytics */,
			);
			productName = NoteMe;
			productReference = 728C08782AE8270F00066F58 /* NoteMe.app */;
			productType = "com.apple.product-type.application";
		};
/* End PBXNativeTarget section */

/* Begin PBXProject section */
		728C08702AE8270F00066F58 /* Project object */ = {
			isa = PBXProject;
			attributes = {
				LastSwiftUpdateCheck = 1430;
				LastUpgradeCheck = 1430;
				TargetAttributes = {
					727D86362B6F8B6B0092147B = {
						CreatedOnToolsVersion = 14.3;
						LastSwiftMigration = 1430;
					};
					728C08772AE8270F00066F58 = {
						CreatedOnToolsVersion = 14.3;
					};
				};
			};
			buildConfigurationList = 728C08732AE8270F00066F58 /* Build configuration list for PBXProject "NoteMe" */;
			compatibilityVersion = "Xcode 13.0";
			developmentRegion = en;
			hasScannedForEncodings = 0;
			knownRegions = (
				en,
				Base,
				ru,
			);
			mainGroup = 728C086F2AE8270F00066F58;
			packageReferences = (
				728C08982AE83AF300066F58 /* XCRemoteSwiftPackageReference "SnapKit" */,
				840AD9B52B73B6DA00FE81FF /* XCRemoteSwiftPackageReference "firebase-ios-sdk" */,
			);
			productRefGroup = 728C08792AE8270F00066F58 /* Products */;
			projectDirPath = "";
			projectRoot = "";
			targets = (
				728C08772AE8270F00066F58 /* NoteMe */,
				727D86362B6F8B6B0092147B /* Storage */,
			);
		};
/* End PBXProject section */

/* Begin PBXResourcesBuildPhase section */
		727D86352B6F8B6B0092147B /* Resources */ = {
			isa = PBXResourcesBuildPhase;
			buildActionMask = 2147483647;
			files = (
			);
			runOnlyForDeploymentPostprocessing = 0;
		};
		728C08762AE8270F00066F58 /* Resources */ = {
			isa = PBXResourcesBuildPhase;
			buildActionMask = 2147483647;
			files = (
				728C08882AE8271000066F58 /* LaunchScreen.storyboard in Resources */,
				840AD9B42B73B45100FE81FF /* GoogleService-Info.plist in Resources */,
				72456EC32AF77E6A00898215 /* Localizable.strings in Resources */,
				728C08852AE8271000066F58 /* Assets.xcassets in Resources */,
			);
			runOnlyForDeploymentPostprocessing = 0;
		};
/* End PBXResourcesBuildPhase section */

/* Begin PBXSourcesBuildPhase section */
		727D86332B6F8B6B0092147B /* Sources */ = {
			isa = PBXSourcesBuildPhase;
			buildActionMask = 2147483647;
			files = (
				727D86582B6F970A0092147B /* CoreDataService.swift in Sources */,
				840AD9CE2B74D04D00FE81FF /* TimerNotificationMO+CoreDataClass.swift in Sources */,
				729AA05A2B70CFC600A6A96C /* LocationNotificationMO+CoreDataClass.swift in Sources */,
				727D86552B6F93C00092147B /* DateNotificationDTO.swift in Sources */,
				729AA05F2B70D8B600A6A96C /* LocationNotificationStorage.swift in Sources */,
				727D865B2B6F98050092147B /* DateNotificationStorage.swift in Sources */,
				729AA05B2B70CFC600A6A96C /* LocationNotificationMO+CoreDataProperties.swift in Sources */,
				727D86502B6F90410092147B /* BaseNotificationMO+CoreDataProperties.swift in Sources */,
				840AD9D12B74D08F00FE81FF /* TimerNotificationDTO.swift in Sources */,
				840AD9CB2B73F5FD00FE81FF /* FRCService.swift in Sources */,
				727D86482B6F8E490092147B /* NotificationDatabase.xcdatamodeld in Sources */,
				840AD9CF2B74D04D00FE81FF /* TimerNotificationMO+CoreDataProperties.swift in Sources */,
				729AA05D2B70D17C00A6A96C /* LocationNotificationDTO.swift in Sources */,
				727D865E2B6F9D7E0092147B /* NSPredicate+Const.swift in Sources */,
				840AD9D52B75030B00FE81FF /* TimerNotificationStorage.swift in Sources */,
				840AD9C42B73E37100FE81FF /* DTODescription.swift in Sources */,
				840AD9C62B73E41500FE81FF /* NotificationStorage.swift in Sources */,
				727D86512B6F90410092147B /* DateNotificationMO+CoreDataClass.swift in Sources */,
				727D86522B6F90410092147B /* DateNotificationMO+CoreDataProperties.swift in Sources */,
				727D864F2B6F90410092147B /* BaseNotificationMO+CoreDataClass.swift in Sources */,
			);
			runOnlyForDeploymentPostprocessing = 0;
		};
		728C08742AE8270F00066F58 /* Sources */ = {
			isa = PBXSourcesBuildPhase;
			buildActionMask = 2147483647;
			files = (
				72456EAE2AED60C400898215 /* UIView+Style.swift in Sources */,
				726CEA232B16547800E734FC /* OnboardFirstStepVC.swift in Sources */,
				846564ED2B78DB8500021181 /* MenuTableViewCell.swift in Sources */,
				72B738062B0BDAEC0039FFED /* KeyboardHelper+Register.swift in Sources */,
				728C08972AE8382C00066F58 /* UIImage+Consts.swift in Sources */,
				72B737F32AFEA8140039FFED /* InputValidator+Login.swift in Sources */,
				727D85E52B519C9F0092147B /* AccountTableViewCell.swift in Sources */,
				72ED6CDE2B2E5B5D0038D14C /* KeyboardAnimation+Login.swift in Sources */,
				726CEA312B165D9500E734FC /* OnboardSecondStepCoordinator.swift in Sources */,
				728C08952AE834E200066F58 /* UIFont+Consts.swift in Sources */,
				726CEA1B2B15018100E734FC /* KeyboardAnimation.swift in Sources */,
				726CEA772B2DCDC300E734FC /* MainTabBarAssembler.swift in Sources */,
				72ED6CDA2B2DF5580038D14C /* NSAttributedString+HTML.swift in Sources */,
				728C089F2AE83DE100066F58 /* LoginVC.swift in Sources */,
				846564FB2B79676600021181 /* MainMenuAdapter.swift in Sources */,
				726CEA752B28D35400E734FC /* HomeCoordinator.swift in Sources */,
				846564EB2B78D6AE00021181 /* MainMenuVC.swift in Sources */,
				72B737E92AFE97800039FFED /* LoginVM.swift in Sources */,
				726CEA7A2B2DCFFD00E734FC /* ProfileCoordinator.swift in Sources */,
				726CEA732B28D31F00E734FC /* HomeAssembler.swift in Sources */,
				72ED6CDC2B2E15C70038D14C /* KeyboardAnimation+Register.swift in Sources */,
				727D85E72B5294C50092147B /* SettingsTableViewCell.swift in Sources */,
				72B737F72B03E1180039FFED /* RegisterAssembler.swift in Sources */,
				727D86312B6F85BC0092147B /* Collections+Register.swift in Sources */,
				840AD9C82B73F57D00FE81FF /* HomeVM.swift in Sources */,
				728C087C2AE8270F00066F58 /* AppDelegate.swift in Sources */,
				726CEA182B14FD8700E734FC /* KeyboardHelper+Login.swift in Sources */,
				726CEA392B1C920C00E734FC /* MainTabBarVC.swift in Sources */,
				726CEA7E2B2DD76900E734FC /* AlertService+Reset.swift in Sources */,
				846564F82B793C1E00021181 /* MainMenuRows.swift in Sources */,
				72B737EB2AFE97F40039FFED /* LoginAssembler.swift in Sources */,
				729C0ECC2AFAB88900E3D89D /* String+Localization.swift in Sources */,
				840AD9E02B76602B00FE81FF /* DateNotificationAssembler.swift in Sources */,
				72456EBF2AF6964D00898215 /* ResetVC.swift in Sources */,
				726CEA272B16572800E734FC /* OnboardFirstStepAssembler.swift in Sources */,
				840AD9E22B76604400FE81FF /* DateNotificationCoordinator.swift in Sources */,
				726CEA572B1F95D700E734FC /* AuthService.swift in Sources */,
				727D861B2B602CDC0092147B /* ProfileAdapter.swift in Sources */,
				726CEA692B28C95800E734FC /* AlertService+Login.swift in Sources */,
				726CEA1E2B164B6100E734FC /* ParametersHelper.swift in Sources */,
				727D86002B56E0CA0092147B /* Container.swift in Sources */,
				72B738312B0D1B700039FFED /* LoginCoordinator.swift in Sources */,
				726CEA332B165DD000E734FC /* OnboardSecondStepAssembler.swift in Sources */,
				727D862D2B663E110092147B /* AuthService+Profile.swift in Sources */,
				726CEA3C2B1C929400E734FC /* HomeVC.swift in Sources */,
				840AD9DD2B76421D00FE81FF /* DateNotificationVM.swift in Sources */,
				72B737E72AFE942D0039FFED /* UIButton+Actions.swift in Sources */,
				728C08932AE82E7900066F58 /* UIColor+Consts.swift in Sources */,
				727D86052B56EFF90092147B /* WindowManager.swift in Sources */,
				727D862F2B6640510092147B /* AlertService+Profile.swift in Sources */,
				727D86022B56E5520092147B /* ContainerRegistrator.swift in Sources */,
				726CEA3F2B1C92D100E734FC /* ProfileVC.swift in Sources */,
				840AD9D92B75243A00FE81FF /* DateNotificationVC.swift in Sources */,
				727D86162B60231D0092147B /* ProfileVM.swift in Sources */,
				72456EB12AF15F4700898215 /* View+Layer.swift in Sources */,
				728C087E2AE8270F00066F58 /* SceneDelegate.swift in Sources */,
				72B738012B0A70430039FFED /* ResetAssembler.swift in Sources */,
				726CEA252B16568600E734FC /* OnboardFirstStepVM.swift in Sources */,
				72B737EF2AFEA1B90039FFED /* InputValidator.swift in Sources */,
				72B7382E2B0D12AF0039FFED /* Coordinator.swift in Sources */,
				846564F32B792FDF00021181 /* MainMenuAssembler.swift in Sources */,
				72B737FA2B03E53A0039FFED /* KeyboardHelper.swift in Sources */,
				72B737F52B03DB880039FFED /* RegisterPresenter.swift in Sources */,
				72B7382B2B0D124D0039FFED /* AppCoordinator.swift in Sources */,
				72456EB42AF1602C00898215 /* UIButton+Styles.swift in Sources */,
				726CEA162B136C9A00E734FC /* ResetCoordinator.swift in Sources */,
				726CEA7C2B2DD00C00E734FC /* ProfileAssembler.swift in Sources */,
				726CEA602B246EF300E734FC /* AuthService+Register.swift in Sources */,
				840AD9DB2B761A7100FE81FF /* CustomTextView.swift in Sources */,
				72B738342B0D24C50039FFED /* RegisterCoordinator.swift in Sources */,
				72456EBC2AF690DB00898215 /* RegisterVC.swift in Sources */,
				726CEA622B2477D800E734FC /* AuthService+Reset.swift in Sources */,
				72456EB92AF57AC600898215 /* UILabel+Style.swift in Sources */,
				726CEA2D2B165B1C00E734FC /* OnboardSecondStepVC.swift in Sources */,
				726CEA592B1F975D00E734FC /* AuthService+Login.swift in Sources */,
				846564F12B792AF100021181 /* MainMenuVM.swift in Sources */,
				72B737FD2B0A2D280039FFED /* InputValidator+Register.swift in Sources */,
				727D85E32B4F1EA20092147B /* HeaderView.swift in Sources */,
				846564F52B79308900021181 /* MainMenuCoordinator.swift in Sources */,
				72B737FF2B0A69090039FFED /* ResetVM.swift in Sources */,
				726CEA292B1657D900E734FC /* OnboardFirstStepCoordinator.swift in Sources */,
				726CEA6E2B28D1B300E734FC /* MainTabBarCoordinator.swift in Sources */,
				726CEA2F2B165CA900E734FC /* OnboardSecondStepVM.swift in Sources */,
				72456EB72AF16EC100898215 /* LineTextField.swift in Sources */,
				727D86142B601CD90092147B /* ProfileSections.swift in Sources */,
				726CEA672B28C1E000E734FC /* AlertService.swift in Sources */,
				72B738042B0A70A80039FFED /* InputValidator+Reset.swift in Sources */,
			);
			runOnlyForDeploymentPostprocessing = 0;
		};
/* End PBXSourcesBuildPhase section */

/* Begin PBXTargetDependency section */
		727D863C2B6F8B6B0092147B /* PBXTargetDependency */ = {
			isa = PBXTargetDependency;
			target = 727D86362B6F8B6B0092147B /* Storage */;
			targetProxy = 727D863B2B6F8B6B0092147B /* PBXContainerItemProxy */;
		};
/* End PBXTargetDependency section */

/* Begin PBXVariantGroup section */
		72456EC52AF77E6A00898215 /* Localizable.strings */ = {
			isa = PBXVariantGroup;
			children = (
				72456EC42AF77E6A00898215 /* en */,
				72456EC72AF77E7B00898215 /* ru */,
			);
			name = Localizable.strings;
			sourceTree = "<group>";
		};
		728C08862AE8271000066F58 /* LaunchScreen.storyboard */ = {
			isa = PBXVariantGroup;
			children = (
				728C08872AE8271000066F58 /* Base */,
				72456EC62AF77E7B00898215 /* ru */,
			);
			name = LaunchScreen.storyboard;
			sourceTree = "<group>";
		};
/* End PBXVariantGroup section */

/* Begin XCBuildConfiguration section */
		727D86402B6F8B6B0092147B /* Debug */ = {
			isa = XCBuildConfiguration;
			buildSettings = {
				CLANG_ENABLE_MODULES = YES;
				CODE_SIGN_STYLE = Automatic;
				CURRENT_PROJECT_VERSION = 1;
				DEFINES_MODULE = YES;
				DEVELOPMENT_TEAM = F8MH5HU6HB;
				DYLIB_COMPATIBILITY_VERSION = 1;
				DYLIB_CURRENT_VERSION = 1;
				DYLIB_INSTALL_NAME_BASE = "@rpath";
				ENABLE_MODULE_VERIFIER = YES;
				GENERATE_INFOPLIST_FILE = YES;
				INFOPLIST_KEY_NSHumanReadableCopyright = "";
				INSTALL_PATH = "$(LOCAL_LIBRARY_DIR)/Frameworks";
				IPHONEOS_DEPLOYMENT_TARGET = 13.0;
				LD_RUNPATH_SEARCH_PATHS = (
					"$(inherited)",
					"@executable_path/Frameworks",
					"@loader_path/Frameworks",
				);
				MARKETING_VERSION = 1.0;
				MODULE_VERIFIER_SUPPORTED_LANGUAGES = "objective-c objective-c++";
				MODULE_VERIFIER_SUPPORTED_LANGUAGE_STANDARDS = "gnu11 gnu++20";
				PRODUCT_BUNDLE_IDENTIFIER = ElizavetaShidlovskaya.Storage;
				PRODUCT_NAME = "$(TARGET_NAME:c99extidentifier)";
				SKIP_INSTALL = YES;
				SUPPORTS_MAC_DESIGNED_FOR_IPHONE_IPAD = YES;
				SWIFT_EMIT_LOC_STRINGS = YES;
				SWIFT_OPTIMIZATION_LEVEL = "-Onone";
				SWIFT_VERSION = 5.0;
				TARGETED_DEVICE_FAMILY = "1,2";
				VERSIONING_SYSTEM = "apple-generic";
				VERSION_INFO_PREFIX = "";
			};
			name = Debug;
		};
		727D86412B6F8B6B0092147B /* Release */ = {
			isa = XCBuildConfiguration;
			buildSettings = {
				CLANG_ENABLE_MODULES = YES;
				CODE_SIGN_STYLE = Automatic;
				CURRENT_PROJECT_VERSION = 1;
				DEFINES_MODULE = YES;
				DEVELOPMENT_TEAM = F8MH5HU6HB;
				DYLIB_COMPATIBILITY_VERSION = 1;
				DYLIB_CURRENT_VERSION = 1;
				DYLIB_INSTALL_NAME_BASE = "@rpath";
				ENABLE_MODULE_VERIFIER = YES;
				GENERATE_INFOPLIST_FILE = YES;
				INFOPLIST_KEY_NSHumanReadableCopyright = "";
				INSTALL_PATH = "$(LOCAL_LIBRARY_DIR)/Frameworks";
				IPHONEOS_DEPLOYMENT_TARGET = 13.0;
				LD_RUNPATH_SEARCH_PATHS = (
					"$(inherited)",
					"@executable_path/Frameworks",
					"@loader_path/Frameworks",
				);
				MARKETING_VERSION = 1.0;
				MODULE_VERIFIER_SUPPORTED_LANGUAGES = "objective-c objective-c++";
				MODULE_VERIFIER_SUPPORTED_LANGUAGE_STANDARDS = "gnu11 gnu++20";
				PRODUCT_BUNDLE_IDENTIFIER = ElizavetaShidlovskaya.Storage;
				PRODUCT_NAME = "$(TARGET_NAME:c99extidentifier)";
				SKIP_INSTALL = YES;
				SUPPORTS_MAC_DESIGNED_FOR_IPHONE_IPAD = YES;
				SWIFT_EMIT_LOC_STRINGS = YES;
				SWIFT_VERSION = 5.0;
				TARGETED_DEVICE_FAMILY = "1,2";
				VERSIONING_SYSTEM = "apple-generic";
				VERSION_INFO_PREFIX = "";
			};
			name = Release;
		};
		728C088A2AE8271000066F58 /* Debug */ = {
			isa = XCBuildConfiguration;
			buildSettings = {
				ALWAYS_SEARCH_USER_PATHS = NO;
				CLANG_ANALYZER_LOCALIZABILITY_NONLOCALIZED = YES;
				CLANG_ANALYZER_NONNULL = YES;
				CLANG_ANALYZER_NUMBER_OBJECT_CONVERSION = YES_AGGRESSIVE;
				CLANG_CXX_LANGUAGE_STANDARD = "gnu++20";
				CLANG_ENABLE_MODULES = YES;
				CLANG_ENABLE_OBJC_ARC = YES;
				CLANG_ENABLE_OBJC_WEAK = YES;
				CLANG_WARN_BLOCK_CAPTURE_AUTORELEASING = YES;
				CLANG_WARN_BOOL_CONVERSION = YES;
				CLANG_WARN_COMMA = YES;
				CLANG_WARN_CONSTANT_CONVERSION = YES;
				CLANG_WARN_DEPRECATED_OBJC_IMPLEMENTATIONS = YES;
				CLANG_WARN_DIRECT_OBJC_ISA_USAGE = YES_ERROR;
				CLANG_WARN_DOCUMENTATION_COMMENTS = YES;
				CLANG_WARN_EMPTY_BODY = YES;
				CLANG_WARN_ENUM_CONVERSION = YES;
				CLANG_WARN_INFINITE_RECURSION = YES;
				CLANG_WARN_INT_CONVERSION = YES;
				CLANG_WARN_NON_LITERAL_NULL_CONVERSION = YES;
				CLANG_WARN_OBJC_IMPLICIT_RETAIN_SELF = YES;
				CLANG_WARN_OBJC_LITERAL_CONVERSION = YES;
				CLANG_WARN_OBJC_ROOT_CLASS = YES_ERROR;
				CLANG_WARN_QUOTED_INCLUDE_IN_FRAMEWORK_HEADER = YES;
				CLANG_WARN_RANGE_LOOP_ANALYSIS = YES;
				CLANG_WARN_STRICT_PROTOTYPES = YES;
				CLANG_WARN_SUSPICIOUS_MOVE = YES;
				CLANG_WARN_UNGUARDED_AVAILABILITY = YES_AGGRESSIVE;
				CLANG_WARN_UNREACHABLE_CODE = YES;
				CLANG_WARN__DUPLICATE_METHOD_MATCH = YES;
				COPY_PHASE_STRIP = NO;
				DEBUG_INFORMATION_FORMAT = dwarf;
				ENABLE_STRICT_OBJC_MSGSEND = YES;
				ENABLE_TESTABILITY = YES;
				GCC_C_LANGUAGE_STANDARD = gnu11;
				GCC_DYNAMIC_NO_PIC = NO;
				GCC_NO_COMMON_BLOCKS = YES;
				GCC_OPTIMIZATION_LEVEL = 0;
				GCC_PREPROCESSOR_DEFINITIONS = (
					"DEBUG=1",
					"$(inherited)",
				);
				GCC_WARN_64_TO_32_BIT_CONVERSION = YES;
				GCC_WARN_ABOUT_RETURN_TYPE = YES_ERROR;
				GCC_WARN_UNDECLARED_SELECTOR = YES;
				GCC_WARN_UNINITIALIZED_AUTOS = YES_AGGRESSIVE;
				GCC_WARN_UNUSED_FUNCTION = YES;
				GCC_WARN_UNUSED_VARIABLE = YES;
				IPHONEOS_DEPLOYMENT_TARGET = 14.0;
				MTL_ENABLE_DEBUG_INFO = INCLUDE_SOURCE;
				MTL_FAST_MATH = YES;
				ONLY_ACTIVE_ARCH = YES;
				SDKROOT = iphoneos;
				SWIFT_ACTIVE_COMPILATION_CONDITIONS = DEBUG;
				SWIFT_OPTIMIZATION_LEVEL = "-Onone";
			};
			name = Debug;
		};
		728C088B2AE8271000066F58 /* Release */ = {
			isa = XCBuildConfiguration;
			buildSettings = {
				ALWAYS_SEARCH_USER_PATHS = NO;
				CLANG_ANALYZER_LOCALIZABILITY_NONLOCALIZED = YES;
				CLANG_ANALYZER_NONNULL = YES;
				CLANG_ANALYZER_NUMBER_OBJECT_CONVERSION = YES_AGGRESSIVE;
				CLANG_CXX_LANGUAGE_STANDARD = "gnu++20";
				CLANG_ENABLE_MODULES = YES;
				CLANG_ENABLE_OBJC_ARC = YES;
				CLANG_ENABLE_OBJC_WEAK = YES;
				CLANG_WARN_BLOCK_CAPTURE_AUTORELEASING = YES;
				CLANG_WARN_BOOL_CONVERSION = YES;
				CLANG_WARN_COMMA = YES;
				CLANG_WARN_CONSTANT_CONVERSION = YES;
				CLANG_WARN_DEPRECATED_OBJC_IMPLEMENTATIONS = YES;
				CLANG_WARN_DIRECT_OBJC_ISA_USAGE = YES_ERROR;
				CLANG_WARN_DOCUMENTATION_COMMENTS = YES;
				CLANG_WARN_EMPTY_BODY = YES;
				CLANG_WARN_ENUM_CONVERSION = YES;
				CLANG_WARN_INFINITE_RECURSION = YES;
				CLANG_WARN_INT_CONVERSION = YES;
				CLANG_WARN_NON_LITERAL_NULL_CONVERSION = YES;
				CLANG_WARN_OBJC_IMPLICIT_RETAIN_SELF = YES;
				CLANG_WARN_OBJC_LITERAL_CONVERSION = YES;
				CLANG_WARN_OBJC_ROOT_CLASS = YES_ERROR;
				CLANG_WARN_QUOTED_INCLUDE_IN_FRAMEWORK_HEADER = YES;
				CLANG_WARN_RANGE_LOOP_ANALYSIS = YES;
				CLANG_WARN_STRICT_PROTOTYPES = YES;
				CLANG_WARN_SUSPICIOUS_MOVE = YES;
				CLANG_WARN_UNGUARDED_AVAILABILITY = YES_AGGRESSIVE;
				CLANG_WARN_UNREACHABLE_CODE = YES;
				CLANG_WARN__DUPLICATE_METHOD_MATCH = YES;
				COPY_PHASE_STRIP = NO;
				DEBUG_INFORMATION_FORMAT = "dwarf-with-dsym";
				ENABLE_NS_ASSERTIONS = NO;
				ENABLE_STRICT_OBJC_MSGSEND = YES;
				GCC_C_LANGUAGE_STANDARD = gnu11;
				GCC_NO_COMMON_BLOCKS = YES;
				GCC_WARN_64_TO_32_BIT_CONVERSION = YES;
				GCC_WARN_ABOUT_RETURN_TYPE = YES_ERROR;
				GCC_WARN_UNDECLARED_SELECTOR = YES;
				GCC_WARN_UNINITIALIZED_AUTOS = YES_AGGRESSIVE;
				GCC_WARN_UNUSED_FUNCTION = YES;
				GCC_WARN_UNUSED_VARIABLE = YES;
				IPHONEOS_DEPLOYMENT_TARGET = 14.0;
				MTL_ENABLE_DEBUG_INFO = NO;
				MTL_FAST_MATH = YES;
				SDKROOT = iphoneos;
				SWIFT_COMPILATION_MODE = wholemodule;
				SWIFT_OPTIMIZATION_LEVEL = "-O";
				VALIDATE_PRODUCT = YES;
			};
			name = Release;
		};
		728C088D2AE8271000066F58 /* Debug */ = {
			isa = XCBuildConfiguration;
			buildSettings = {
				ALWAYS_EMBED_SWIFT_STANDARD_LIBRARIES = YES;
				ASSETCATALOG_COMPILER_APPICON_NAME = AppIcon;
				ASSETCATALOG_COMPILER_GLOBAL_ACCENT_COLOR_NAME = AccentColor;
				CODE_SIGN_STYLE = Automatic;
				CURRENT_PROJECT_VERSION = 1;
				DEVELOPMENT_TEAM = F8MH5HU6HB;
				GENERATE_INFOPLIST_FILE = YES;
				INFOPLIST_FILE = NoteMe/Info.plist;
				INFOPLIST_KEY_CFBundleDisplayName = NOTEme;
				INFOPLIST_KEY_LSApplicationCategoryType = "public.app-category.lifestyle";
				INFOPLIST_KEY_UIApplicationSupportsIndirectInputEvents = YES;
				INFOPLIST_KEY_UILaunchStoryboardName = LaunchScreen;
				INFOPLIST_KEY_UIStatusBarStyle = UIStatusBarStyleLightContent;
				INFOPLIST_KEY_UISupportedInterfaceOrientations = UIInterfaceOrientationPortrait;
				IPHONEOS_DEPLOYMENT_TARGET = 13.0;
				LD_RUNPATH_SEARCH_PATHS = (
					"$(inherited)",
					"@executable_path/Frameworks",
				);
				MARKETING_VERSION = 1.0;
				PRODUCT_BUNDLE_IDENTIFIER = ElizavetaShidlovskaya.NoteMe;
				PRODUCT_NAME = "$(TARGET_NAME)";
				SWIFT_EMIT_LOC_STRINGS = YES;
				SWIFT_VERSION = 5.0;
				TARGETED_DEVICE_FAMILY = "1,2";
			};
			name = Debug;
		};
		728C088E2AE8271000066F58 /* Release */ = {
			isa = XCBuildConfiguration;
			buildSettings = {
				ALWAYS_EMBED_SWIFT_STANDARD_LIBRARIES = YES;
				ASSETCATALOG_COMPILER_APPICON_NAME = AppIcon;
				ASSETCATALOG_COMPILER_GLOBAL_ACCENT_COLOR_NAME = AccentColor;
				CODE_SIGN_STYLE = Automatic;
				CURRENT_PROJECT_VERSION = 1;
				DEVELOPMENT_TEAM = F8MH5HU6HB;
				GENERATE_INFOPLIST_FILE = YES;
				INFOPLIST_FILE = NoteMe/Info.plist;
				INFOPLIST_KEY_CFBundleDisplayName = NOTEme;
				INFOPLIST_KEY_LSApplicationCategoryType = "public.app-category.lifestyle";
				INFOPLIST_KEY_UIApplicationSupportsIndirectInputEvents = YES;
				INFOPLIST_KEY_UILaunchStoryboardName = LaunchScreen;
				INFOPLIST_KEY_UIStatusBarStyle = UIStatusBarStyleLightContent;
				INFOPLIST_KEY_UISupportedInterfaceOrientations = UIInterfaceOrientationPortrait;
				IPHONEOS_DEPLOYMENT_TARGET = 13.0;
				LD_RUNPATH_SEARCH_PATHS = (
					"$(inherited)",
					"@executable_path/Frameworks",
				);
				MARKETING_VERSION = 1.0;
				PRODUCT_BUNDLE_IDENTIFIER = ElizavetaShidlovskaya.NoteMe;
				PRODUCT_NAME = "$(TARGET_NAME)";
				SWIFT_EMIT_LOC_STRINGS = YES;
				SWIFT_VERSION = 5.0;
				TARGETED_DEVICE_FAMILY = "1,2";
			};
			name = Release;
		};
/* End XCBuildConfiguration section */

/* Begin XCConfigurationList section */
		727D863F2B6F8B6B0092147B /* Build configuration list for PBXNativeTarget "Storage" */ = {
			isa = XCConfigurationList;
			buildConfigurations = (
				727D86402B6F8B6B0092147B /* Debug */,
				727D86412B6F8B6B0092147B /* Release */,
			);
			defaultConfigurationIsVisible = 0;
			defaultConfigurationName = Release;
		};
		728C08732AE8270F00066F58 /* Build configuration list for PBXProject "NoteMe" */ = {
			isa = XCConfigurationList;
			buildConfigurations = (
				728C088A2AE8271000066F58 /* Debug */,
				728C088B2AE8271000066F58 /* Release */,
			);
			defaultConfigurationIsVisible = 0;
			defaultConfigurationName = Release;
		};
		728C088C2AE8271000066F58 /* Build configuration list for PBXNativeTarget "NoteMe" */ = {
			isa = XCConfigurationList;
			buildConfigurations = (
				728C088D2AE8271000066F58 /* Debug */,
				728C088E2AE8271000066F58 /* Release */,
			);
			defaultConfigurationIsVisible = 0;
			defaultConfigurationName = Release;
		};
/* End XCConfigurationList section */

/* Begin XCRemoteSwiftPackageReference section */
		728C08982AE83AF300066F58 /* XCRemoteSwiftPackageReference "SnapKit" */ = {
			isa = XCRemoteSwiftPackageReference;
			repositoryURL = "https://github.com/SnapKit/SnapKit.git";
			requirement = {
				kind = upToNextMajorVersion;
				minimumVersion = 5.0.0;
			};
		};
		840AD9B52B73B6DA00FE81FF /* XCRemoteSwiftPackageReference "firebase-ios-sdk" */ = {
			isa = XCRemoteSwiftPackageReference;
			repositoryURL = "https://github.com/firebase/firebase-ios-sdk";
			requirement = {
				kind = upToNextMajorVersion;
				minimumVersion = 8.0.0;
			};
		};
/* End XCRemoteSwiftPackageReference section */

/* Begin XCSwiftPackageProductDependency section */
		728C08992AE83AF300066F58 /* SnapKit */ = {
			isa = XCSwiftPackageProductDependency;
			package = 728C08982AE83AF300066F58 /* XCRemoteSwiftPackageReference "SnapKit" */;
			productName = SnapKit;
		};
		840AD9B62B73B6DA00FE81FF /* FirebaseAnalytics */ = {
			isa = XCSwiftPackageProductDependency;
			package = 840AD9B52B73B6DA00FE81FF /* XCRemoteSwiftPackageReference "firebase-ios-sdk" */;
			productName = FirebaseAnalytics;
		};
		840AD9B82B73B6DA00FE81FF /* FirebaseAnalyticsSwift-Beta */ = {
			isa = XCSwiftPackageProductDependency;
			package = 840AD9B52B73B6DA00FE81FF /* XCRemoteSwiftPackageReference "firebase-ios-sdk" */;
			productName = "FirebaseAnalyticsSwift-Beta";
		};
		840AD9BA2B73B6DA00FE81FF /* FirebaseAnalyticsWithoutAdIdSupport */ = {
			isa = XCSwiftPackageProductDependency;
			package = 840AD9B52B73B6DA00FE81FF /* XCRemoteSwiftPackageReference "firebase-ios-sdk" */;
			productName = FirebaseAnalyticsWithoutAdIdSupport;
		};
		840AD9BC2B73B6DA00FE81FF /* FirebaseAuth */ = {
			isa = XCSwiftPackageProductDependency;
			package = 840AD9B52B73B6DA00FE81FF /* XCRemoteSwiftPackageReference "firebase-ios-sdk" */;
			productName = FirebaseAuth;
		};
		840AD9BE2B73B6DA00FE81FF /* FirebaseAuthCombine-Community */ = {
			isa = XCSwiftPackageProductDependency;
			package = 840AD9B52B73B6DA00FE81FF /* XCRemoteSwiftPackageReference "firebase-ios-sdk" */;
			productName = "FirebaseAuthCombine-Community";
		};
		840AD9C02B73B6DA00FE81FF /* FirebaseCrashlytics */ = {
			isa = XCSwiftPackageProductDependency;
			package = 840AD9B52B73B6DA00FE81FF /* XCRemoteSwiftPackageReference "firebase-ios-sdk" */;
			productName = FirebaseCrashlytics;
		};
/* End XCSwiftPackageProductDependency section */

/* Begin XCVersionGroup section */
		727D86462B6F8E490092147B /* NotificationDatabase.xcdatamodeld */ = {
			isa = XCVersionGroup;
			children = (
				727D86472B6F8E490092147B /* NotificationDatabase.xcdatamodel */,
			);
			currentVersion = 727D86472B6F8E490092147B /* NotificationDatabase.xcdatamodel */;
			path = NotificationDatabase.xcdatamodeld;
			sourceTree = "<group>";
			versionGroupType = wrapper.xcdatamodel;
		};
/* End XCVersionGroup section */
	};
	rootObject = 728C08702AE8270F00066F58 /* Project object */;
}
